// !$*UTF8*$!
{
	archiveVersion = 1;
	classes = {
	};
	objectVersion = 46;
	objects = {

/* Begin PBXBuildFile section */
		38435A741984703500AB58F6 /* AppIcon29x29.png in Resources */ = {isa = PBXBuildFile; fileRef = 38435A641984703500AB58F6 /* AppIcon29x29.png */; };
		38435A751984703500AB58F6 /* AppIcon29x29@2x.png in Resources */ = {isa = PBXBuildFile; fileRef = 38435A651984703500AB58F6 /* AppIcon29x29@2x.png */; };
		38435A761984703500AB58F6 /* AppIcon40x40.png in Resources */ = {isa = PBXBuildFile; fileRef = 38435A661984703500AB58F6 /* AppIcon40x40.png */; };
		38435A771984703500AB58F6 /* AppIcon40x40@2x.png in Resources */ = {isa = PBXBuildFile; fileRef = 38435A671984703500AB58F6 /* AppIcon40x40@2x.png */; };
		38435A781984703500AB58F6 /* AppIcon50x50.png in Resources */ = {isa = PBXBuildFile; fileRef = 38435A681984703500AB58F6 /* AppIcon50x50.png */; };
		38435A791984703500AB58F6 /* AppIcon50x50@2x.png in Resources */ = {isa = PBXBuildFile; fileRef = 38435A691984703500AB58F6 /* AppIcon50x50@2x.png */; };
		38435A7A1984703500AB58F6 /* AppIcon57x57.png in Resources */ = {isa = PBXBuildFile; fileRef = 38435A6A1984703500AB58F6 /* AppIcon57x57.png */; };
		38435A7B1984703500AB58F6 /* AppIcon57x57@2x.png in Resources */ = {isa = PBXBuildFile; fileRef = 38435A6B1984703500AB58F6 /* AppIcon57x57@2x.png */; };
		38435A7C1984703500AB58F6 /* AppIcon60x60.png in Resources */ = {isa = PBXBuildFile; fileRef = 38435A6C1984703500AB58F6 /* AppIcon60x60.png */; };
		38435A7D1984703500AB58F6 /* AppIcon60x60@2x.png in Resources */ = {isa = PBXBuildFile; fileRef = 38435A6D1984703500AB58F6 /* AppIcon60x60@2x.png */; };
		38435A7E1984703500AB58F6 /* AppIcon72x72.png in Resources */ = {isa = PBXBuildFile; fileRef = 38435A6E1984703500AB58F6 /* AppIcon72x72.png */; };
		38435A7F1984703500AB58F6 /* AppIcon72x72@2x.png in Resources */ = {isa = PBXBuildFile; fileRef = 38435A6F1984703500AB58F6 /* AppIcon72x72@2x.png */; };
		38435A801984703500AB58F6 /* AppIcon76x76.png in Resources */ = {isa = PBXBuildFile; fileRef = 38435A701984703500AB58F6 /* AppIcon76x76.png */; };
		38435A811984703500AB58F6 /* AppIcon76x76@2x.png in Resources */ = {isa = PBXBuildFile; fileRef = 38435A711984703500AB58F6 /* AppIcon76x76@2x.png */; };
		38435A821984703500AB58F6 /* iTunesArtwork.png in Resources */ = {isa = PBXBuildFile; fileRef = 38435A721984703500AB58F6 /* iTunesArtwork.png */; };
		38435A831984703500AB58F6 /* iTunesArtwork@2x.png in Resources */ = {isa = PBXBuildFile; fileRef = 38435A731984703500AB58F6 /* iTunesArtwork@2x.png */; };
		385A902E1984B274008F6FA1 /* help@2x.png in Resources */ = {isa = PBXBuildFile; fileRef = 385A902D1984B274008F6FA1 /* help@2x.png */; };
		385A90391985BDDD008F6FA1 /* 1-568h@2x.png in Resources */ = {isa = PBXBuildFile; fileRef = 385A902F1985BDDD008F6FA1 /* 1-568h@2x.png */; };
		385A903A1985BDDD008F6FA1 /* 1@2x.png in Resources */ = {isa = PBXBuildFile; fileRef = 385A90301985BDDD008F6FA1 /* 1@2x.png */; };
		385A903B1985BDDD008F6FA1 /* 2-568h@2x.png in Resources */ = {isa = PBXBuildFile; fileRef = 385A90311985BDDD008F6FA1 /* 2-568h@2x.png */; };
		385A903C1985BDDD008F6FA1 /* 2@2x.png in Resources */ = {isa = PBXBuildFile; fileRef = 385A90321985BDDD008F6FA1 /* 2@2x.png */; };
		385A903D1985BDDD008F6FA1 /* 3-568h@2x.png in Resources */ = {isa = PBXBuildFile; fileRef = 385A90331985BDDD008F6FA1 /* 3-568h@2x.png */; };
		385A903E1985BDDD008F6FA1 /* 3@2x.png in Resources */ = {isa = PBXBuildFile; fileRef = 385A90341985BDDD008F6FA1 /* 3@2x.png */; };
		385A903F1985BDDD008F6FA1 /* 4-568h@2x.png in Resources */ = {isa = PBXBuildFile; fileRef = 385A90351985BDDD008F6FA1 /* 4-568h@2x.png */; };
		385A90401985BDDD008F6FA1 /* 4@2x.png in Resources */ = {isa = PBXBuildFile; fileRef = 385A90361985BDDD008F6FA1 /* 4@2x.png */; };
		385A90411985BDDD008F6FA1 /* 5-568h@2x.png in Resources */ = {isa = PBXBuildFile; fileRef = 385A90371985BDDD008F6FA1 /* 5-568h@2x.png */; };
		385A90421985BDDD008F6FA1 /* 5@2x.png in Resources */ = {isa = PBXBuildFile; fileRef = 385A90381985BDDD008F6FA1 /* 5@2x.png */; };
		385A90451985C9FA008F6FA1 /* launch-568h.png in Resources */ = {isa = PBXBuildFile; fileRef = 385A90431985C9FA008F6FA1 /* launch-568h.png */; };
		385A90461985C9FA008F6FA1 /* launch.png in Resources */ = {isa = PBXBuildFile; fileRef = 385A90441985C9FA008F6FA1 /* launch.png */; };
		385A904819860486008F6FA1 /* repeat@2x.png in Resources */ = {isa = PBXBuildFile; fileRef = 385A904719860486008F6FA1 /* repeat@2x.png */; };
		385CF9D619842B4F00CF9563 /* main.m in Sources */ = {isa = PBXBuildFile; fileRef = 385CF9D519842B4F00CF9563 /* main.m */; };
		385CF9D919842B4F00CF9563 /* AppDelegate.m in Sources */ = {isa = PBXBuildFile; fileRef = 385CF9D819842B4F00CF9563 /* AppDelegate.m */; };
		385CF9DC19842B4F00CF9563 /* ViewController.m in Sources */ = {isa = PBXBuildFile; fileRef = 385CF9DB19842B4F00CF9563 /* ViewController.m */; };
		385CF9DF19842B4F00CF9563 /* Main.storyboard in Resources */ = {isa = PBXBuildFile; fileRef = 385CF9DD19842B4F00CF9563 /* Main.storyboard */; };
		385CF9E119842B4F00CF9563 /* Images.xcassets in Resources */ = {isa = PBXBuildFile; fileRef = 385CF9E019842B4F00CF9563 /* Images.xcassets */; };
		385CF9ED19842B4F00CF9563 /* VoiceTests.m in Sources */ = {isa = PBXBuildFile; fileRef = 385CF9EC19842B4F00CF9563 /* VoiceTests.m */; };
		385CFA1E19842FAF00CF9563 /* backward@2x.png in Resources */ = {isa = PBXBuildFile; fileRef = 385CF9F819842FAF00CF9563 /* backward@2x.png */; };
		385CFA2019842FAF00CF9563 /* forward@2x.png in Resources */ = {isa = PBXBuildFile; fileRef = 385CF9FA19842FAF00CF9563 /* forward@2x.png */; };
		385CFA2419842FAF00CF9563 /* pause@2x.png in Resources */ = {isa = PBXBuildFile; fileRef = 385CF9FE19842FAF00CF9563 /* pause@2x.png */; };
		385CFA2619842FAF00CF9563 /* photo@2x.png in Resources */ = {isa = PBXBuildFile; fileRef = 385CFA0019842FAF00CF9563 /* photo@2x.png */; };
		385CFA2819842FAF00CF9563 /* play@2x.png in Resources */ = {isa = PBXBuildFile; fileRef = 385CFA0219842FAF00CF9563 /* play@2x.png */; };
		385CFA2919842FAF00CF9563 /* player-568h@2x.png in Resources */ = {isa = PBXBuildFile; fileRef = 385CFA0319842FAF00CF9563 /* player-568h@2x.png */; };
		385CFA2B19842FAF00CF9563 /* player@2x.png in Resources */ = {isa = PBXBuildFile; fileRef = 385CFA0519842FAF00CF9563 /* player@2x.png */; };
		385CFA2D19842FAF00CF9563 /* pointer@2x.png in Resources */ = {isa = PBXBuildFile; fileRef = 385CFA0719842FAF00CF9563 /* pointer@2x.png */; };
		385CFA2E19842FAF00CF9563 /* speak-568h@2x.png in Resources */ = {isa = PBXBuildFile; fileRef = 385CFA0819842FAF00CF9563 /* speak-568h@2x.png */; };
		385CFA3019842FAF00CF9563 /* speak@2x.png in Resources */ = {isa = PBXBuildFile; fileRef = 385CFA0A19842FAF00CF9563 /* speak@2x.png */; };
		385CFA3219842FAF00CF9563 /* talk@2x.png in Resources */ = {isa = PBXBuildFile; fileRef = 385CFA0C19842FAF00CF9563 /* talk@2x.png */; };
		385CFA3319842FAF00CF9563 /* SBJson4Parser.m in Sources */ = {isa = PBXBuildFile; fileRef = 385CFA1019842FAF00CF9563 /* SBJson4Parser.m */; };
		385CFA3419842FAF00CF9563 /* SBJson4StreamParser.m in Sources */ = {isa = PBXBuildFile; fileRef = 385CFA1219842FAF00CF9563 /* SBJson4StreamParser.m */; };
		385CFA3519842FAF00CF9563 /* SBJson4StreamParserState.m in Sources */ = {isa = PBXBuildFile; fileRef = 385CFA1419842FAF00CF9563 /* SBJson4StreamParserState.m */; };
		385CFA3619842FAF00CF9563 /* SBJson4StreamTokeniser.m in Sources */ = {isa = PBXBuildFile; fileRef = 385CFA1619842FAF00CF9563 /* SBJson4StreamTokeniser.m */; };
		385CFA3719842FAF00CF9563 /* SBJson4StreamWriter.m in Sources */ = {isa = PBXBuildFile; fileRef = 385CFA1819842FAF00CF9563 /* SBJson4StreamWriter.m */; };
		385CFA3819842FAF00CF9563 /* SBJson4StreamWriterState.m in Sources */ = {isa = PBXBuildFile; fileRef = 385CFA1A19842FAF00CF9563 /* SBJson4StreamWriterState.m */; };
		385CFA3919842FAF00CF9563 /* SBJson4Writer.m in Sources */ = {isa = PBXBuildFile; fileRef = 385CFA1C19842FAF00CF9563 /* SBJson4Writer.m */; };
		385CFA3C1984309A00CF9563 /* TalkViewController.m in Sources */ = {isa = PBXBuildFile; fileRef = 385CFA3B1984309A00CF9563 /* TalkViewController.m */; };
		385CFA3E1984346200CF9563 /* MobileCoreServices.framework in Frameworks */ = {isa = PBXBuildFile; fileRef = 385CFA3D1984346200CF9563 /* MobileCoreServices.framework */; };
		388A457C199D409800ECA0A3 /* ELCAlbumPickerController.m in Sources */ = {isa = PBXBuildFile; fileRef = 388A4566199D409800ECA0A3 /* ELCAlbumPickerController.m */; };
		388A457D199D409800ECA0A3 /* ELCAsset.m in Sources */ = {isa = PBXBuildFile; fileRef = 388A4568199D409800ECA0A3 /* ELCAsset.m */; };
		388A457E199D409800ECA0A3 /* ELCAssetCell.m in Sources */ = {isa = PBXBuildFile; fileRef = 388A456A199D409800ECA0A3 /* ELCAssetCell.m */; };
		388A457F199D409800ECA0A3 /* ELCAssetTablePicker.m in Sources */ = {isa = PBXBuildFile; fileRef = 388A456E199D409800ECA0A3 /* ELCAssetTablePicker.m */; };
		388A4580199D409800ECA0A3 /* ELCConsole.m in Sources */ = {isa = PBXBuildFile; fileRef = 388A4570199D409800ECA0A3 /* ELCConsole.m */; };
		388A4581199D409800ECA0A3 /* ELCImagePickerController.m in Sources */ = {isa = PBXBuildFile; fileRef = 388A4572199D409800ECA0A3 /* ELCImagePickerController.m */; };
		388A4582199D409800ECA0A3 /* ELCOverlayImageView.m in Sources */ = {isa = PBXBuildFile; fileRef = 388A4575199D409800ECA0A3 /* ELCOverlayImageView.m */; };
		388A4583199D409800ECA0A3 /* ELCAlbumPickerController.xib in Resources */ = {isa = PBXBuildFile; fileRef = 388A4577199D409800ECA0A3 /* ELCAlbumPickerController.xib */; };
		388A4584199D409800ECA0A3 /* ELCAssetPicker.xib in Resources */ = {isa = PBXBuildFile; fileRef = 388A4578199D409800ECA0A3 /* ELCAssetPicker.xib */; };
		388A4585199D409800ECA0A3 /* ELCAssetTablePicker.xib in Resources */ = {isa = PBXBuildFile; fileRef = 388A4579199D409800ECA0A3 /* ELCAssetTablePicker.xib */; };
		388A4586199D409800ECA0A3 /* Overlay.png in Resources */ = {isa = PBXBuildFile; fileRef = 388A457A199D409800ECA0A3 /* Overlay.png */; };
		388A4587199D409800ECA0A3 /* Overlay@2x.png in Resources */ = {isa = PBXBuildFile; fileRef = 388A457B199D409800ECA0A3 /* Overlay@2x.png */; };
		38C46E6E19845CEA00DCF7A5 /* back@2x.png in Resources */ = {isa = PBXBuildFile; fileRef = 38C46E6D19845CEA00DCF7A5 /* back@2x.png */; };
		38E8CDBF198481C100FAA465 /* EAIntroPage.m in Sources */ = {isa = PBXBuildFile; fileRef = 38E8CDBC198481C100FAA465 /* EAIntroPage.m */; };
		38E8CDC0198481C100FAA465 /* EAIntroView.m in Sources */ = {isa = PBXBuildFile; fileRef = 38E8CDBE198481C100FAA465 /* EAIntroView.m */; };
		38E8CDC31984826000FAA465 /* TutorialViewController.m in Sources */ = {isa = PBXBuildFile; fileRef = 38E8CDC21984826000FAA465 /* TutorialViewController.m */; };
/* End PBXBuildFile section */

/* Begin PBXContainerItemProxy section */
		385CF9E719842B4F00CF9563 /* PBXContainerItemProxy */ = {
			isa = PBXContainerItemProxy;
			containerPortal = 385CF9C819842B4F00CF9563 /* Project object */;
			proxyType = 1;
			remoteGlobalIDString = 385CF9CF19842B4F00CF9563;
			remoteInfo = Voice;
		};
/* End PBXContainerItemProxy section */

/* Begin PBXFileReference section */
		38435A641984703500AB58F6 /* AppIcon29x29.png */ = {isa = PBXFileReference; lastKnownFileType = image.png; path = AppIcon29x29.png; sourceTree = "<group>"; };
		38435A651984703500AB58F6 /* AppIcon29x29@2x.png */ = {isa = PBXFileReference; lastKnownFileType = image.png; path = "AppIcon29x29@2x.png"; sourceTree = "<group>"; };
		38435A661984703500AB58F6 /* AppIcon40x40.png */ = {isa = PBXFileReference; lastKnownFileType = image.png; path = AppIcon40x40.png; sourceTree = "<group>"; };
		38435A671984703500AB58F6 /* AppIcon40x40@2x.png */ = {isa = PBXFileReference; lastKnownFileType = image.png; path = "AppIcon40x40@2x.png"; sourceTree = "<group>"; };
		38435A681984703500AB58F6 /* AppIcon50x50.png */ = {isa = PBXFileReference; lastKnownFileType = image.png; path = AppIcon50x50.png; sourceTree = "<group>"; };
		38435A691984703500AB58F6 /* AppIcon50x50@2x.png */ = {isa = PBXFileReference; lastKnownFileType = image.png; path = "AppIcon50x50@2x.png"; sourceTree = "<group>"; };
		38435A6A1984703500AB58F6 /* AppIcon57x57.png */ = {isa = PBXFileReference; lastKnownFileType = image.png; path = AppIcon57x57.png; sourceTree = "<group>"; };
		38435A6B1984703500AB58F6 /* AppIcon57x57@2x.png */ = {isa = PBXFileReference; lastKnownFileType = image.png; path = "AppIcon57x57@2x.png"; sourceTree = "<group>"; };
		38435A6C1984703500AB58F6 /* AppIcon60x60.png */ = {isa = PBXFileReference; lastKnownFileType = image.png; path = AppIcon60x60.png; sourceTree = "<group>"; };
		38435A6D1984703500AB58F6 /* AppIcon60x60@2x.png */ = {isa = PBXFileReference; lastKnownFileType = image.png; path = "AppIcon60x60@2x.png"; sourceTree = "<group>"; };
		38435A6E1984703500AB58F6 /* AppIcon72x72.png */ = {isa = PBXFileReference; lastKnownFileType = image.png; path = AppIcon72x72.png; sourceTree = "<group>"; };
		38435A6F1984703500AB58F6 /* AppIcon72x72@2x.png */ = {isa = PBXFileReference; lastKnownFileType = image.png; path = "AppIcon72x72@2x.png"; sourceTree = "<group>"; };
		38435A701984703500AB58F6 /* AppIcon76x76.png */ = {isa = PBXFileReference; lastKnownFileType = image.png; path = AppIcon76x76.png; sourceTree = "<group>"; };
		38435A711984703500AB58F6 /* AppIcon76x76@2x.png */ = {isa = PBXFileReference; lastKnownFileType = image.png; path = "AppIcon76x76@2x.png"; sourceTree = "<group>"; };
		38435A721984703500AB58F6 /* iTunesArtwork.png */ = {isa = PBXFileReference; lastKnownFileType = image.png; path = iTunesArtwork.png; sourceTree = "<group>"; };
		38435A731984703500AB58F6 /* iTunesArtwork@2x.png */ = {isa = PBXFileReference; lastKnownFileType = image.png; path = "iTunesArtwork@2x.png"; sourceTree = "<group>"; };
		385A902D1984B274008F6FA1 /* help@2x.png */ = {isa = PBXFileReference; lastKnownFileType = image.png; path = "help@2x.png"; sourceTree = "<group>"; };
		385A902F1985BDDD008F6FA1 /* 1-568h@2x.png */ = {isa = PBXFileReference; lastKnownFileType = image.png; path = "1-568h@2x.png"; sourceTree = "<group>"; };
		385A90301985BDDD008F6FA1 /* 1@2x.png */ = {isa = PBXFileReference; lastKnownFileType = image.png; path = "1@2x.png"; sourceTree = "<group>"; };
		385A90311985BDDD008F6FA1 /* 2-568h@2x.png */ = {isa = PBXFileReference; lastKnownFileType = image.png; path = "2-568h@2x.png"; sourceTree = "<group>"; };
		385A90321985BDDD008F6FA1 /* 2@2x.png */ = {isa = PBXFileReference; lastKnownFileType = image.png; path = "2@2x.png"; sourceTree = "<group>"; };
		385A90331985BDDD008F6FA1 /* 3-568h@2x.png */ = {isa = PBXFileReference; lastKnownFileType = image.png; path = "3-568h@2x.png"; sourceTree = "<group>"; };
		385A90341985BDDD008F6FA1 /* 3@2x.png */ = {isa = PBXFileReference; lastKnownFileType = image.png; path = "3@2x.png"; sourceTree = "<group>"; };
		385A90351985BDDD008F6FA1 /* 4-568h@2x.png */ = {isa = PBXFileReference; lastKnownFileType = image.png; path = "4-568h@2x.png"; sourceTree = "<group>"; };
		385A90361985BDDD008F6FA1 /* 4@2x.png */ = {isa = PBXFileReference; lastKnownFileType = image.png; path = "4@2x.png"; sourceTree = "<group>"; };
		385A90371985BDDD008F6FA1 /* 5-568h@2x.png */ = {isa = PBXFileReference; lastKnownFileType = image.png; path = "5-568h@2x.png"; sourceTree = "<group>"; };
		385A90381985BDDD008F6FA1 /* 5@2x.png */ = {isa = PBXFileReference; lastKnownFileType = image.png; path = "5@2x.png"; sourceTree = "<group>"; };
		385A90431985C9FA008F6FA1 /* launch-568h.png */ = {isa = PBXFileReference; lastKnownFileType = image.png; path = "launch-568h.png"; sourceTree = "<group>"; };
		385A90441985C9FA008F6FA1 /* launch.png */ = {isa = PBXFileReference; lastKnownFileType = image.png; path = launch.png; sourceTree = "<group>"; };
		385A904719860486008F6FA1 /* repeat@2x.png */ = {isa = PBXFileReference; lastKnownFileType = image.png; path = "repeat@2x.png"; sourceTree = "<group>"; };
		385CF9D019842B4F00CF9563 /* Voice.app */ = {isa = PBXFileReference; explicitFileType = wrapper.application; includeInIndex = 0; path = Voice.app; sourceTree = BUILT_PRODUCTS_DIR; };
		385CF9D419842B4F00CF9563 /* Info.plist */ = {isa = PBXFileReference; lastKnownFileType = text.plist.xml; path = Info.plist; sourceTree = "<group>"; };
		385CF9D519842B4F00CF9563 /* main.m */ = {isa = PBXFileReference; lastKnownFileType = sourcecode.c.objc; path = main.m; sourceTree = "<group>"; };
		385CF9D719842B4F00CF9563 /* AppDelegate.h */ = {isa = PBXFileReference; lastKnownFileType = sourcecode.c.h; path = AppDelegate.h; sourceTree = "<group>"; };
		385CF9D819842B4F00CF9563 /* AppDelegate.m */ = {isa = PBXFileReference; lastKnownFileType = sourcecode.c.objc; path = AppDelegate.m; sourceTree = "<group>"; };
		385CF9DA19842B4F00CF9563 /* ViewController.h */ = {isa = PBXFileReference; lastKnownFileType = sourcecode.c.h; path = ViewController.h; sourceTree = "<group>"; };
		385CF9DB19842B4F00CF9563 /* ViewController.m */ = {isa = PBXFileReference; lastKnownFileType = sourcecode.c.objc; path = ViewController.m; sourceTree = "<group>"; };
		385CF9DE19842B4F00CF9563 /* Base */ = {isa = PBXFileReference; lastKnownFileType = file.storyboard; name = Base; path = Base.lproj/Main.storyboard; sourceTree = "<group>"; };
		385CF9E019842B4F00CF9563 /* Images.xcassets */ = {isa = PBXFileReference; lastKnownFileType = folder.assetcatalog; path = Images.xcassets; sourceTree = "<group>"; };
		385CF9E619842B4F00CF9563 /* VoiceTests.xctest */ = {isa = PBXFileReference; explicitFileType = wrapper.cfbundle; includeInIndex = 0; path = VoiceTests.xctest; sourceTree = BUILT_PRODUCTS_DIR; };
		385CF9EB19842B4F00CF9563 /* Info.plist */ = {isa = PBXFileReference; lastKnownFileType = text.plist.xml; path = Info.plist; sourceTree = "<group>"; };
		385CF9EC19842B4F00CF9563 /* VoiceTests.m */ = {isa = PBXFileReference; lastKnownFileType = sourcecode.c.objc; path = VoiceTests.m; sourceTree = "<group>"; };
		385CF9F819842FAF00CF9563 /* backward@2x.png */ = {isa = PBXFileReference; lastKnownFileType = image.png; path = "backward@2x.png"; sourceTree = "<group>"; };
		385CF9FA19842FAF00CF9563 /* forward@2x.png */ = {isa = PBXFileReference; lastKnownFileType = image.png; path = "forward@2x.png"; sourceTree = "<group>"; };
		385CF9FE19842FAF00CF9563 /* pause@2x.png */ = {isa = PBXFileReference; lastKnownFileType = image.png; path = "pause@2x.png"; sourceTree = "<group>"; };
		385CFA0019842FAF00CF9563 /* photo@2x.png */ = {isa = PBXFileReference; lastKnownFileType = image.png; path = "photo@2x.png"; sourceTree = "<group>"; };
		385CFA0219842FAF00CF9563 /* play@2x.png */ = {isa = PBXFileReference; lastKnownFileType = image.png; path = "play@2x.png"; sourceTree = "<group>"; };
		385CFA0319842FAF00CF9563 /* player-568h@2x.png */ = {isa = PBXFileReference; lastKnownFileType = image.png; path = "player-568h@2x.png"; sourceTree = "<group>"; };
		385CFA0519842FAF00CF9563 /* player@2x.png */ = {isa = PBXFileReference; lastKnownFileType = image.png; path = "player@2x.png"; sourceTree = "<group>"; };
		385CFA0719842FAF00CF9563 /* pointer@2x.png */ = {isa = PBXFileReference; lastKnownFileType = image.png; path = "pointer@2x.png"; sourceTree = "<group>"; };
		385CFA0819842FAF00CF9563 /* speak-568h@2x.png */ = {isa = PBXFileReference; lastKnownFileType = image.png; path = "speak-568h@2x.png"; sourceTree = "<group>"; };
		385CFA0A19842FAF00CF9563 /* speak@2x.png */ = {isa = PBXFileReference; lastKnownFileType = image.png; path = "speak@2x.png"; sourceTree = "<group>"; };
		385CFA0C19842FAF00CF9563 /* talk@2x.png */ = {isa = PBXFileReference; lastKnownFileType = image.png; path = "talk@2x.png"; sourceTree = "<group>"; };
		385CFA0E19842FAF00CF9563 /* SBJson4.h */ = {isa = PBXFileReference; fileEncoding = 4; lastKnownFileType = sourcecode.c.h; path = SBJson4.h; sourceTree = "<group>"; };
		385CFA0F19842FAF00CF9563 /* SBJson4Parser.h */ = {isa = PBXFileReference; fileEncoding = 4; lastKnownFileType = sourcecode.c.h; path = SBJson4Parser.h; sourceTree = "<group>"; };
		385CFA1019842FAF00CF9563 /* SBJson4Parser.m */ = {isa = PBXFileReference; fileEncoding = 4; lastKnownFileType = sourcecode.c.objc; path = SBJson4Parser.m; sourceTree = "<group>"; };
		385CFA1119842FAF00CF9563 /* SBJson4StreamParser.h */ = {isa = PBXFileReference; fileEncoding = 4; lastKnownFileType = sourcecode.c.h; path = SBJson4StreamParser.h; sourceTree = "<group>"; };
		385CFA1219842FAF00CF9563 /* SBJson4StreamParser.m */ = {isa = PBXFileReference; fileEncoding = 4; lastKnownFileType = sourcecode.c.objc; path = SBJson4StreamParser.m; sourceTree = "<group>"; };
		385CFA1319842FAF00CF9563 /* SBJson4StreamParserState.h */ = {isa = PBXFileReference; fileEncoding = 4; lastKnownFileType = sourcecode.c.h; path = SBJson4StreamParserState.h; sourceTree = "<group>"; };
		385CFA1419842FAF00CF9563 /* SBJson4StreamParserState.m */ = {isa = PBXFileReference; fileEncoding = 4; lastKnownFileType = sourcecode.c.objc; path = SBJson4StreamParserState.m; sourceTree = "<group>"; };
		385CFA1519842FAF00CF9563 /* SBJson4StreamTokeniser.h */ = {isa = PBXFileReference; fileEncoding = 4; lastKnownFileType = sourcecode.c.h; path = SBJson4StreamTokeniser.h; sourceTree = "<group>"; };
		385CFA1619842FAF00CF9563 /* SBJson4StreamTokeniser.m */ = {isa = PBXFileReference; fileEncoding = 4; lastKnownFileType = sourcecode.c.objc; path = SBJson4StreamTokeniser.m; sourceTree = "<group>"; };
		385CFA1719842FAF00CF9563 /* SBJson4StreamWriter.h */ = {isa = PBXFileReference; fileEncoding = 4; lastKnownFileType = sourcecode.c.h; path = SBJson4StreamWriter.h; sourceTree = "<group>"; };
		385CFA1819842FAF00CF9563 /* SBJson4StreamWriter.m */ = {isa = PBXFileReference; fileEncoding = 4; lastKnownFileType = sourcecode.c.objc; path = SBJson4StreamWriter.m; sourceTree = "<group>"; };
		385CFA1919842FAF00CF9563 /* SBJson4StreamWriterState.h */ = {isa = PBXFileReference; fileEncoding = 4; lastKnownFileType = sourcecode.c.h; path = SBJson4StreamWriterState.h; sourceTree = "<group>"; };
		385CFA1A19842FAF00CF9563 /* SBJson4StreamWriterState.m */ = {isa = PBXFileReference; fileEncoding = 4; lastKnownFileType = sourcecode.c.objc; path = SBJson4StreamWriterState.m; sourceTree = "<group>"; };
		385CFA1B19842FAF00CF9563 /* SBJson4Writer.h */ = {isa = PBXFileReference; fileEncoding = 4; lastKnownFileType = sourcecode.c.h; path = SBJson4Writer.h; sourceTree = "<group>"; };
		385CFA1C19842FAF00CF9563 /* SBJson4Writer.m */ = {isa = PBXFileReference; fileEncoding = 4; lastKnownFileType = sourcecode.c.objc; path = SBJson4Writer.m; sourceTree = "<group>"; };
		385CFA3A1984309A00CF9563 /* TalkViewController.h */ = {isa = PBXFileReference; fileEncoding = 4; lastKnownFileType = sourcecode.c.h; path = TalkViewController.h; sourceTree = "<group>"; };
		385CFA3B1984309A00CF9563 /* TalkViewController.m */ = {isa = PBXFileReference; fileEncoding = 4; lastKnownFileType = sourcecode.c.objc; path = TalkViewController.m; sourceTree = "<group>"; };
		385CFA3D1984346200CF9563 /* MobileCoreServices.framework */ = {isa = PBXFileReference; lastKnownFileType = wrapper.framework; name = MobileCoreServices.framework; path = System/Library/Frameworks/MobileCoreServices.framework; sourceTree = SDKROOT; };
		388A4565199D409800ECA0A3 /* ELCAlbumPickerController.h */ = {isa = PBXFileReference; fileEncoding = 4; lastKnownFileType = sourcecode.c.h; path = ELCAlbumPickerController.h; sourceTree = "<group>"; };
		388A4566199D409800ECA0A3 /* ELCAlbumPickerController.m */ = {isa = PBXFileReference; fileEncoding = 4; lastKnownFileType = sourcecode.c.objc; path = ELCAlbumPickerController.m; sourceTree = "<group>"; };
		388A4567199D409800ECA0A3 /* ELCAsset.h */ = {isa = PBXFileReference; fileEncoding = 4; lastKnownFileType = sourcecode.c.h; path = ELCAsset.h; sourceTree = "<group>"; };
		388A4568199D409800ECA0A3 /* ELCAsset.m */ = {isa = PBXFileReference; fileEncoding = 4; lastKnownFileType = sourcecode.c.objc; path = ELCAsset.m; sourceTree = "<group>"; };
		388A4569199D409800ECA0A3 /* ELCAssetCell.h */ = {isa = PBXFileReference; fileEncoding = 4; lastKnownFileType = sourcecode.c.h; path = ELCAssetCell.h; sourceTree = "<group>"; };
		388A456A199D409800ECA0A3 /* ELCAssetCell.m */ = {isa = PBXFileReference; fileEncoding = 4; lastKnownFileType = sourcecode.c.objc; path = ELCAssetCell.m; sourceTree = "<group>"; };
		388A456B199D409800ECA0A3 /* ELCAssetPickerFilterDelegate.h */ = {isa = PBXFileReference; fileEncoding = 4; lastKnownFileType = sourcecode.c.h; path = ELCAssetPickerFilterDelegate.h; sourceTree = "<group>"; };
		388A456C199D409800ECA0A3 /* ELCAssetSelectionDelegate.h */ = {isa = PBXFileReference; fileEncoding = 4; lastKnownFileType = sourcecode.c.h; path = ELCAssetSelectionDelegate.h; sourceTree = "<group>"; };
		388A456D199D409800ECA0A3 /* ELCAssetTablePicker.h */ = {isa = PBXFileReference; fileEncoding = 4; lastKnownFileType = sourcecode.c.h; path = ELCAssetTablePicker.h; sourceTree = "<group>"; };
		388A456E199D409800ECA0A3 /* ELCAssetTablePicker.m */ = {isa = PBXFileReference; fileEncoding = 4; lastKnownFileType = sourcecode.c.objc; path = ELCAssetTablePicker.m; sourceTree = "<group>"; };
		388A456F199D409800ECA0A3 /* ELCConsole.h */ = {isa = PBXFileReference; fileEncoding = 4; lastKnownFileType = sourcecode.c.h; path = ELCConsole.h; sourceTree = "<group>"; };
		388A4570199D409800ECA0A3 /* ELCConsole.m */ = {isa = PBXFileReference; fileEncoding = 4; lastKnownFileType = sourcecode.c.objc; path = ELCConsole.m; sourceTree = "<group>"; };
		388A4571199D409800ECA0A3 /* ELCImagePickerController.h */ = {isa = PBXFileReference; fileEncoding = 4; lastKnownFileType = sourcecode.c.h; path = ELCImagePickerController.h; sourceTree = "<group>"; };
		388A4572199D409800ECA0A3 /* ELCImagePickerController.m */ = {isa = PBXFileReference; fileEncoding = 4; lastKnownFileType = sourcecode.c.objc; path = ELCImagePickerController.m; sourceTree = "<group>"; };
		388A4573199D409800ECA0A3 /* ELCImagePickerHeader.h */ = {isa = PBXFileReference; fileEncoding = 4; lastKnownFileType = sourcecode.c.h; path = ELCImagePickerHeader.h; sourceTree = "<group>"; };
		388A4574199D409800ECA0A3 /* ELCOverlayImageView.h */ = {isa = PBXFileReference; fileEncoding = 4; lastKnownFileType = sourcecode.c.h; path = ELCOverlayImageView.h; sourceTree = "<group>"; };
		388A4575199D409800ECA0A3 /* ELCOverlayImageView.m */ = {isa = PBXFileReference; fileEncoding = 4; lastKnownFileType = sourcecode.c.objc; path = ELCOverlayImageView.m; sourceTree = "<group>"; };
		388A4577199D409800ECA0A3 /* ELCAlbumPickerController.xib */ = {isa = PBXFileReference; fileEncoding = 4; lastKnownFileType = file.xib; path = ELCAlbumPickerController.xib; sourceTree = "<group>"; };
		388A4578199D409800ECA0A3 /* ELCAssetPicker.xib */ = {isa = PBXFileReference; fileEncoding = 4; lastKnownFileType = file.xib; path = ELCAssetPicker.xib; sourceTree = "<group>"; };
		388A4579199D409800ECA0A3 /* ELCAssetTablePicker.xib */ = {isa = PBXFileReference; fileEncoding = 4; lastKnownFileType = file.xib; path = ELCAssetTablePicker.xib; sourceTree = "<group>"; };
		388A457A199D409800ECA0A3 /* Overlay.png */ = {isa = PBXFileReference; lastKnownFileType = image.png; path = Overlay.png; sourceTree = "<group>"; };
		388A457B199D409800ECA0A3 /* Overlay@2x.png */ = {isa = PBXFileReference; lastKnownFileType = image.png; path = "Overlay@2x.png"; sourceTree = "<group>"; };
		38C46E6D19845CEA00DCF7A5 /* back@2x.png */ = {isa = PBXFileReference; lastKnownFileType = image.png; path = "back@2x.png"; sourceTree = "<group>"; };
		38E8CDBB198481C100FAA465 /* EAIntroPage.h */ = {isa = PBXFileReference; fileEncoding = 4; lastKnownFileType = sourcecode.c.h; path = EAIntroPage.h; sourceTree = "<group>"; };
		38E8CDBC198481C100FAA465 /* EAIntroPage.m */ = {isa = PBXFileReference; fileEncoding = 4; lastKnownFileType = sourcecode.c.objc; path = EAIntroPage.m; sourceTree = "<group>"; };
		38E8CDBD198481C100FAA465 /* EAIntroView.h */ = {isa = PBXFileReference; fileEncoding = 4; lastKnownFileType = sourcecode.c.h; path = EAIntroView.h; sourceTree = "<group>"; };
		38E8CDBE198481C100FAA465 /* EAIntroView.m */ = {isa = PBXFileReference; fileEncoding = 4; lastKnownFileType = sourcecode.c.objc; path = EAIntroView.m; sourceTree = "<group>"; };
		38E8CDC11984826000FAA465 /* TutorialViewController.h */ = {isa = PBXFileReference; fileEncoding = 4; lastKnownFileType = sourcecode.c.h; path = TutorialViewController.h; sourceTree = "<group>"; };
		38E8CDC21984826000FAA465 /* TutorialViewController.m */ = {isa = PBXFileReference; fileEncoding = 4; lastKnownFileType = sourcecode.c.objc; path = TutorialViewController.m; sourceTree = "<group>"; };
/* End PBXFileReference section */

/* Begin PBXFrameworksBuildPhase section */
		385CF9CD19842B4F00CF9563 /* Frameworks */ = {
			isa = PBXFrameworksBuildPhase;
			buildActionMask = 2147483647;
			files = (
				385CFA3E1984346200CF9563 /* MobileCoreServices.framework in Frameworks */,
			);
			runOnlyForDeploymentPostprocessing = 0;
		};
		385CF9E319842B4F00CF9563 /* Frameworks */ = {
			isa = PBXFrameworksBuildPhase;
			buildActionMask = 2147483647;
			files = (
			);
			runOnlyForDeploymentPostprocessing = 0;
		};
/* End PBXFrameworksBuildPhase section */

/* Begin PBXGroup section */
		38435A631984703500AB58F6 /* Icons */ = {
			isa = PBXGroup;
			children = (
				38435A641984703500AB58F6 /* AppIcon29x29.png */,
				38435A651984703500AB58F6 /* AppIcon29x29@2x.png */,
				38435A661984703500AB58F6 /* AppIcon40x40.png */,
				38435A671984703500AB58F6 /* AppIcon40x40@2x.png */,
				38435A681984703500AB58F6 /* AppIcon50x50.png */,
				38435A691984703500AB58F6 /* AppIcon50x50@2x.png */,
				38435A6A1984703500AB58F6 /* AppIcon57x57.png */,
				38435A6B1984703500AB58F6 /* AppIcon57x57@2x.png */,
				38435A6C1984703500AB58F6 /* AppIcon60x60.png */,
				38435A6D1984703500AB58F6 /* AppIcon60x60@2x.png */,
				38435A6E1984703500AB58F6 /* AppIcon72x72.png */,
				38435A6F1984703500AB58F6 /* AppIcon72x72@2x.png */,
				38435A701984703500AB58F6 /* AppIcon76x76.png */,
				38435A711984703500AB58F6 /* AppIcon76x76@2x.png */,
				38435A721984703500AB58F6 /* iTunesArtwork.png */,
				38435A731984703500AB58F6 /* iTunesArtwork@2x.png */,
			);
			path = Icons;
			sourceTree = "<group>";
		};
		385CF9C719842B4F00CF9563 = {
			isa = PBXGroup;
			children = (
				38435A631984703500AB58F6 /* Icons */,
				385CF9D219842B4F00CF9563 /* Voice */,
				385CF9F619842FAF00CF9563 /* Images */,
				38E8CDBA198481C100FAA465 /* Tutorial Slideshow */,
				388A4564199D409800ECA0A3 /* ELCImagePicker */,
				385CFA0D19842FAF00CF9563 /* JSON */,
				385CF9E919842B4F00CF9563 /* VoiceTests */,
				385CF9D119842B4F00CF9563 /* Products */,
			);
			sourceTree = "<group>";
		};
		385CF9D119842B4F00CF9563 /* Products */ = {
			isa = PBXGroup;
			children = (
				385CF9D019842B4F00CF9563 /* Voice.app */,
				385CF9E619842B4F00CF9563 /* VoiceTests.xctest */,
			);
			name = Products;
			sourceTree = "<group>";
		};
		385CF9D219842B4F00CF9563 /* Voice */ = {
			isa = PBXGroup;
			children = (
				385CF9D719842B4F00CF9563 /* AppDelegate.h */,
				385CF9D819842B4F00CF9563 /* AppDelegate.m */,
				385CF9DA19842B4F00CF9563 /* ViewController.h */,
				385CF9DB19842B4F00CF9563 /* ViewController.m */,
				385CF9DD19842B4F00CF9563 /* Main.storyboard */,
				385CFA3A1984309A00CF9563 /* TalkViewController.h */,
				385CFA3B1984309A00CF9563 /* TalkViewController.m */,
				38E8CDC11984826000FAA465 /* TutorialViewController.h */,
				38E8CDC21984826000FAA465 /* TutorialViewController.m */,
				385CF9E019842B4F00CF9563 /* Images.xcassets */,
				385CF9D319842B4F00CF9563 /* Supporting Files */,
			);
			path = Voice;
			sourceTree = "<group>";
		};
		385CF9D319842B4F00CF9563 /* Supporting Files */ = {
			isa = PBXGroup;
			children = (
				385CFA3D1984346200CF9563 /* MobileCoreServices.framework */,
				385CF9D419842B4F00CF9563 /* Info.plist */,
				385CF9D519842B4F00CF9563 /* main.m */,
			);
			name = "Supporting Files";
			sourceTree = "<group>";
		};
		385CF9E919842B4F00CF9563 /* VoiceTests */ = {
			isa = PBXGroup;
			children = (
				385CF9EC19842B4F00CF9563 /* VoiceTests.m */,
				385CF9EA19842B4F00CF9563 /* Supporting Files */,
			);
			path = VoiceTests;
			sourceTree = "<group>";
		};
		385CF9EA19842B4F00CF9563 /* Supporting Files */ = {
			isa = PBXGroup;
			children = (
				385CF9EB19842B4F00CF9563 /* Info.plist */,
			);
			name = "Supporting Files";
			sourceTree = "<group>";
		};
		385CF9F619842FAF00CF9563 /* Images */ = {
			isa = PBXGroup;
			children = (
				385A904719860486008F6FA1 /* repeat@2x.png */,
				385A90431985C9FA008F6FA1 /* launch-568h.png */,
				385A90441985C9FA008F6FA1 /* launch.png */,
				385A902F1985BDDD008F6FA1 /* 1-568h@2x.png */,
				385A90301985BDDD008F6FA1 /* 1@2x.png */,
				385A90311985BDDD008F6FA1 /* 2-568h@2x.png */,
				385A90321985BDDD008F6FA1 /* 2@2x.png */,
				385A90331985BDDD008F6FA1 /* 3-568h@2x.png */,
				385A90341985BDDD008F6FA1 /* 3@2x.png */,
				385A90351985BDDD008F6FA1 /* 4-568h@2x.png */,
				385A90361985BDDD008F6FA1 /* 4@2x.png */,
				385A90371985BDDD008F6FA1 /* 5-568h@2x.png */,
				385A90381985BDDD008F6FA1 /* 5@2x.png */,
				385A902D1984B274008F6FA1 /* help@2x.png */,
				38C46E6D19845CEA00DCF7A5 /* back@2x.png */,
				385CF9F819842FAF00CF9563 /* backward@2x.png */,
				385CF9FA19842FAF00CF9563 /* forward@2x.png */,
				385CF9FE19842FAF00CF9563 /* pause@2x.png */,
				385CFA0019842FAF00CF9563 /* photo@2x.png */,
				385CFA0219842FAF00CF9563 /* play@2x.png */,
				385CFA0319842FAF00CF9563 /* player-568h@2x.png */,
				385CFA0519842FAF00CF9563 /* player@2x.png */,
				385CFA0719842FAF00CF9563 /* pointer@2x.png */,
				385CFA0819842FAF00CF9563 /* speak-568h@2x.png */,
				385CFA0A19842FAF00CF9563 /* speak@2x.png */,
				385CFA0C19842FAF00CF9563 /* talk@2x.png */,
			);
			path = Images;
			sourceTree = "<group>";
		};
		385CFA0D19842FAF00CF9563 /* JSON */ = {
			isa = PBXGroup;
			children = (
				385CFA0E19842FAF00CF9563 /* SBJson4.h */,
				385CFA0F19842FAF00CF9563 /* SBJson4Parser.h */,
				385CFA1019842FAF00CF9563 /* SBJson4Parser.m */,
				385CFA1119842FAF00CF9563 /* SBJson4StreamParser.h */,
				385CFA1219842FAF00CF9563 /* SBJson4StreamParser.m */,
				385CFA1319842FAF00CF9563 /* SBJson4StreamParserState.h */,
				385CFA1419842FAF00CF9563 /* SBJson4StreamParserState.m */,
				385CFA1519842FAF00CF9563 /* SBJson4StreamTokeniser.h */,
				385CFA1619842FAF00CF9563 /* SBJson4StreamTokeniser.m */,
				385CFA1719842FAF00CF9563 /* SBJson4StreamWriter.h */,
				385CFA1819842FAF00CF9563 /* SBJson4StreamWriter.m */,
				385CFA1919842FAF00CF9563 /* SBJson4StreamWriterState.h */,
				385CFA1A19842FAF00CF9563 /* SBJson4StreamWriterState.m */,
				385CFA1B19842FAF00CF9563 /* SBJson4Writer.h */,
				385CFA1C19842FAF00CF9563 /* SBJson4Writer.m */,
			);
			path = JSON;
			sourceTree = "<group>";
		};
		388A4564199D409800ECA0A3 /* ELCImagePicker */ = {
			isa = PBXGroup;
			children = (
				388A4565199D409800ECA0A3 /* ELCAlbumPickerController.h */,
				388A4566199D409800ECA0A3 /* ELCAlbumPickerController.m */,
				388A4567199D409800ECA0A3 /* ELCAsset.h */,
				388A4568199D409800ECA0A3 /* ELCAsset.m */,
				388A4569199D409800ECA0A3 /* ELCAssetCell.h */,
				388A456A199D409800ECA0A3 /* ELCAssetCell.m */,
				388A456B199D409800ECA0A3 /* ELCAssetPickerFilterDelegate.h */,
				388A456C199D409800ECA0A3 /* ELCAssetSelectionDelegate.h */,
				388A456D199D409800ECA0A3 /* ELCAssetTablePicker.h */,
				388A456E199D409800ECA0A3 /* ELCAssetTablePicker.m */,
				388A456F199D409800ECA0A3 /* ELCConsole.h */,
				388A4570199D409800ECA0A3 /* ELCConsole.m */,
				388A4571199D409800ECA0A3 /* ELCImagePickerController.h */,
				388A4572199D409800ECA0A3 /* ELCImagePickerController.m */,
				388A4573199D409800ECA0A3 /* ELCImagePickerHeader.h */,
				388A4574199D409800ECA0A3 /* ELCOverlayImageView.h */,
				388A4575199D409800ECA0A3 /* ELCOverlayImageView.m */,
				388A4576199D409800ECA0A3 /* Resources */,
			);
			path = ELCImagePicker;
			sourceTree = "<group>";
		};
		388A4576199D409800ECA0A3 /* Resources */ = {
			isa = PBXGroup;
			children = (
				388A4577199D409800ECA0A3 /* ELCAlbumPickerController.xib */,
				388A4578199D409800ECA0A3 /* ELCAssetPicker.xib */,
				388A4579199D409800ECA0A3 /* ELCAssetTablePicker.xib */,
				388A457A199D409800ECA0A3 /* Overlay.png */,
				388A457B199D409800ECA0A3 /* Overlay@2x.png */,
			);
			path = Resources;
			sourceTree = "<group>";
		};
		38E8CDBA198481C100FAA465 /* Tutorial Slideshow */ = {
			isa = PBXGroup;
			children = (
				38E8CDBB198481C100FAA465 /* EAIntroPage.h */,
				38E8CDBC198481C100FAA465 /* EAIntroPage.m */,
				38E8CDBD198481C100FAA465 /* EAIntroView.h */,
				38E8CDBE198481C100FAA465 /* EAIntroView.m */,
			);
			path = "Tutorial Slideshow";
			sourceTree = "<group>";
		};
/* End PBXGroup section */

/* Begin PBXNativeTarget section */
		385CF9CF19842B4F00CF9563 /* Voice */ = {
			isa = PBXNativeTarget;
			buildConfigurationList = 385CF9F019842B4F00CF9563 /* Build configuration list for PBXNativeTarget "Voice" */;
			buildPhases = (
				385CF9CC19842B4F00CF9563 /* Sources */,
				385CF9CD19842B4F00CF9563 /* Frameworks */,
				385CF9CE19842B4F00CF9563 /* Resources */,
			);
			buildRules = (
			);
			dependencies = (
			);
			name = Voice;
			productName = Voice;
			productReference = 385CF9D019842B4F00CF9563 /* Voice.app */;
			productType = "com.apple.product-type.application";
		};
		385CF9E519842B4F00CF9563 /* VoiceTests */ = {
			isa = PBXNativeTarget;
			buildConfigurationList = 385CF9F319842B4F00CF9563 /* Build configuration list for PBXNativeTarget "VoiceTests" */;
			buildPhases = (
				385CF9E219842B4F00CF9563 /* Sources */,
				385CF9E319842B4F00CF9563 /* Frameworks */,
				385CF9E419842B4F00CF9563 /* Resources */,
			);
			buildRules = (
			);
			dependencies = (
				385CF9E819842B4F00CF9563 /* PBXTargetDependency */,
			);
			name = VoiceTests;
			productName = VoiceTests;
			productReference = 385CF9E619842B4F00CF9563 /* VoiceTests.xctest */;
			productType = "com.apple.product-type.bundle.unit-test";
		};
/* End PBXNativeTarget section */

/* Begin PBXProject section */
		385CF9C819842B4F00CF9563 /* Project object */ = {
			isa = PBXProject;
			attributes = {
				LastUpgradeCheck = 0600;
				ORGANIZATIONNAME = "Shalin Shah";
				TargetAttributes = {
					385CF9CF19842B4F00CF9563 = {
						CreatedOnToolsVersion = 6.0;
					};
					385CF9E519842B4F00CF9563 = {
						CreatedOnToolsVersion = 6.0;
						TestTargetID = 385CF9CF19842B4F00CF9563;
					};
				};
			};
			buildConfigurationList = 385CF9CB19842B4F00CF9563 /* Build configuration list for PBXProject "Voice" */;
			compatibilityVersion = "Xcode 3.2";
			developmentRegion = English;
			hasScannedForEncodings = 0;
			knownRegions = (
				en,
				Base,
			);
			mainGroup = 385CF9C719842B4F00CF9563;
			productRefGroup = 385CF9D119842B4F00CF9563 /* Products */;
			projectDirPath = "";
			projectRoot = "";
			targets = (
				385CF9CF19842B4F00CF9563 /* Voice */,
				385CF9E519842B4F00CF9563 /* VoiceTests */,
			);
		};
/* End PBXProject section */

/* Begin PBXResourcesBuildPhase section */
		385CF9CE19842B4F00CF9563 /* Resources */ = {
			isa = PBXResourcesBuildPhase;
			buildActionMask = 2147483647;
			files = (
				388A4586199D409800ECA0A3 /* Overlay.png in Resources */,
				388A4583199D409800ECA0A3 /* ELCAlbumPickerController.xib in Resources */,
				385A903A1985BDDD008F6FA1 /* 1@2x.png in Resources */,
				388A4585199D409800ECA0A3 /* ELCAssetTablePicker.xib in Resources */,
				38435A771984703500AB58F6 /* AppIcon40x40@2x.png in Resources */,
				385A903C1985BDDD008F6FA1 /* 2@2x.png in Resources */,
				38435A831984703500AB58F6 /* iTunesArtwork@2x.png in Resources */,
				385CFA2819842FAF00CF9563 /* play@2x.png in Resources */,
				385CF9DF19842B4F00CF9563 /* Main.storyboard in Resources */,
				38435A741984703500AB58F6 /* AppIcon29x29.png in Resources */,
				385A904819860486008F6FA1 /* repeat@2x.png in Resources */,
				38435A781984703500AB58F6 /* AppIcon50x50.png in Resources */,
				385CFA3219842FAF00CF9563 /* talk@2x.png in Resources */,
				385A90401985BDDD008F6FA1 /* 4@2x.png in Resources */,
				385A903D1985BDDD008F6FA1 /* 3-568h@2x.png in Resources */,
				38435A761984703500AB58F6 /* AppIcon40x40.png in Resources */,
				385CFA2019842FAF00CF9563 /* forward@2x.png in Resources */,
				385A90421985BDDD008F6FA1 /* 5@2x.png in Resources */,
				38435A7F1984703500AB58F6 /* AppIcon72x72@2x.png in Resources */,
				38435A791984703500AB58F6 /* AppIcon50x50@2x.png in Resources */,
				38435A821984703500AB58F6 /* iTunesArtwork.png in Resources */,
				388A4584199D409800ECA0A3 /* ELCAssetPicker.xib in Resources */,
				385A90451985C9FA008F6FA1 /* launch-568h.png in Resources */,
				385CFA3019842FAF00CF9563 /* speak@2x.png in Resources */,
				385A902E1984B274008F6FA1 /* help@2x.png in Resources */,
				38435A7A1984703500AB58F6 /* AppIcon57x57.png in Resources */,
				38435A811984703500AB58F6 /* AppIcon76x76@2x.png in Resources */,
				385CFA2919842FAF00CF9563 /* player-568h@2x.png in Resources */,
				38435A7C1984703500AB58F6 /* AppIcon60x60.png in Resources */,
				385CF9E119842B4F00CF9563 /* Images.xcassets in Resources */,
				385A903F1985BDDD008F6FA1 /* 4-568h@2x.png in Resources */,
				385A90391985BDDD008F6FA1 /* 1-568h@2x.png in Resources */,
				38435A751984703500AB58F6 /* AppIcon29x29@2x.png in Resources */,
				38435A7E1984703500AB58F6 /* AppIcon72x72.png in Resources */,
				385CFA2419842FAF00CF9563 /* pause@2x.png in Resources */,
				385CFA1E19842FAF00CF9563 /* backward@2x.png in Resources */,
				385CFA2D19842FAF00CF9563 /* pointer@2x.png in Resources */,
				385A903B1985BDDD008F6FA1 /* 2-568h@2x.png in Resources */,
				385A90411985BDDD008F6FA1 /* 5-568h@2x.png in Resources */,
				385CFA2B19842FAF00CF9563 /* player@2x.png in Resources */,
				385A90461985C9FA008F6FA1 /* launch.png in Resources */,
				38435A801984703500AB58F6 /* AppIcon76x76.png in Resources */,
				38C46E6E19845CEA00DCF7A5 /* back@2x.png in Resources */,
				385A903E1985BDDD008F6FA1 /* 3@2x.png in Resources */,
				385CFA2E19842FAF00CF9563 /* speak-568h@2x.png in Resources */,
				38435A7B1984703500AB58F6 /* AppIcon57x57@2x.png in Resources */,
				38435A7D1984703500AB58F6 /* AppIcon60x60@2x.png in Resources */,
				388A4587199D409800ECA0A3 /* Overlay@2x.png in Resources */,
				385CFA2619842FAF00CF9563 /* photo@2x.png in Resources */,
			);
			runOnlyForDeploymentPostprocessing = 0;
		};
		385CF9E419842B4F00CF9563 /* Resources */ = {
			isa = PBXResourcesBuildPhase;
			buildActionMask = 2147483647;
			files = (
			);
			runOnlyForDeploymentPostprocessing = 0;
		};
/* End PBXResourcesBuildPhase section */

/* Begin PBXSourcesBuildPhase section */
		385CF9CC19842B4F00CF9563 /* Sources */ = {
			isa = PBXSourcesBuildPhase;
			buildActionMask = 2147483647;
			files = (
				38E8CDC31984826000FAA465 /* TutorialViewController.m in Sources */,
				388A4582199D409800ECA0A3 /* ELCOverlayImageView.m in Sources */,
				388A457E199D409800ECA0A3 /* ELCAssetCell.m in Sources */,
				388A4581199D409800ECA0A3 /* ELCImagePickerController.m in Sources */,
				385CFA3C1984309A00CF9563 /* TalkViewController.m in Sources */,
				388A4580199D409800ECA0A3 /* ELCConsole.m in Sources */,
				385CFA3419842FAF00CF9563 /* SBJson4StreamParser.m in Sources */,
				388A457F199D409800ECA0A3 /* ELCAssetTablePicker.m in Sources */,
				385CFA3819842FAF00CF9563 /* SBJson4StreamWriterState.m in Sources */,
				385CF9DC19842B4F00CF9563 /* ViewController.m in Sources */,
				388A457C199D409800ECA0A3 /* ELCAlbumPickerController.m in Sources */,
				385CFA3619842FAF00CF9563 /* SBJson4StreamTokeniser.m in Sources */,
				385CFA3919842FAF00CF9563 /* SBJson4Writer.m in Sources */,
				385CFA3519842FAF00CF9563 /* SBJson4StreamParserState.m in Sources */,
				388A457D199D409800ECA0A3 /* ELCAsset.m in Sources */,
				385CFA3719842FAF00CF9563 /* SBJson4StreamWriter.m in Sources */,
				385CF9D919842B4F00CF9563 /* AppDelegate.m in Sources */,
				38E8CDC0198481C100FAA465 /* EAIntroView.m in Sources */,
				385CFA3319842FAF00CF9563 /* SBJson4Parser.m in Sources */,
				385CF9D619842B4F00CF9563 /* main.m in Sources */,
				38E8CDBF198481C100FAA465 /* EAIntroPage.m in Sources */,
			);
			runOnlyForDeploymentPostprocessing = 0;
		};
		385CF9E219842B4F00CF9563 /* Sources */ = {
			isa = PBXSourcesBuildPhase;
			buildActionMask = 2147483647;
			files = (
				385CF9ED19842B4F00CF9563 /* VoiceTests.m in Sources */,
			);
			runOnlyForDeploymentPostprocessing = 0;
		};
/* End PBXSourcesBuildPhase section */

/* Begin PBXTargetDependency section */
		385CF9E819842B4F00CF9563 /* PBXTargetDependency */ = {
			isa = PBXTargetDependency;
			target = 385CF9CF19842B4F00CF9563 /* Voice */;
			targetProxy = 385CF9E719842B4F00CF9563 /* PBXContainerItemProxy */;
		};
/* End PBXTargetDependency section */

/* Begin PBXVariantGroup section */
		385CF9DD19842B4F00CF9563 /* Main.storyboard */ = {
			isa = PBXVariantGroup;
			children = (
				385CF9DE19842B4F00CF9563 /* Base */,
			);
			name = Main.storyboard;
			sourceTree = "<group>";
		};
/* End PBXVariantGroup section */

/* Begin XCBuildConfiguration section */
		385CF9EE19842B4F00CF9563 /* Debug */ = {
			isa = XCBuildConfiguration;
			buildSettings = {
				ALWAYS_SEARCH_USER_PATHS = NO;
				CLANG_CXX_LANGUAGE_STANDARD = "gnu++0x";
				CLANG_CXX_LIBRARY = "libc++";
				CLANG_ENABLE_MODULES = YES;
				CLANG_ENABLE_OBJC_ARC = YES;
				CLANG_WARN_BOOL_CONVERSION = YES;
				CLANG_WARN_CONSTANT_CONVERSION = YES;
				CLANG_WARN_DIRECT_OBJC_ISA_USAGE = YES_ERROR;
				CLANG_WARN_EMPTY_BODY = YES;
				CLANG_WARN_ENUM_CONVERSION = YES;
				CLANG_WARN_INT_CONVERSION = YES;
				CLANG_WARN_OBJC_ROOT_CLASS = YES_ERROR;
				CLANG_WARN_UNREACHABLE_CODE = YES;
				CLANG_WARN__DUPLICATE_METHOD_MATCH = YES;
				"CODE_SIGN_IDENTITY[sdk=iphoneos*]" = "iPhone Developer";
				COPY_PHASE_STRIP = NO;
				ENABLE_STRICT_OBJC_MSGSEND = YES;
				GCC_C_LANGUAGE_STANDARD = gnu99;
				GCC_DYNAMIC_NO_PIC = NO;
				GCC_OPTIMIZATION_LEVEL = 0;
				GCC_PREPROCESSOR_DEFINITIONS = (
					"DEBUG=1",
					"$(inherited)",
				);
				GCC_SYMBOLS_PRIVATE_EXTERN = NO;
				GCC_WARN_64_TO_32_BIT_CONVERSION = YES;
				GCC_WARN_ABOUT_RETURN_TYPE = YES_ERROR;
				GCC_WARN_UNDECLARED_SELECTOR = YES;
				GCC_WARN_UNINITIALIZED_AUTOS = YES_AGGRESSIVE;
				GCC_WARN_UNUSED_FUNCTION = YES;
				GCC_WARN_UNUSED_VARIABLE = YES;
				IPHONEOS_DEPLOYMENT_TARGET = 8.0;
				METAL_ENABLE_DEBUG_INFO = YES;
				ONLY_ACTIVE_ARCH = YES;
				SDKROOT = iphoneos;
			};
			name = Debug;
		};
		385CF9EF19842B4F00CF9563 /* Release */ = {
			isa = XCBuildConfiguration;
			buildSettings = {
				ALWAYS_SEARCH_USER_PATHS = NO;
				CLANG_CXX_LANGUAGE_STANDARD = "gnu++0x";
				CLANG_CXX_LIBRARY = "libc++";
				CLANG_ENABLE_MODULES = YES;
				CLANG_ENABLE_OBJC_ARC = YES;
				CLANG_WARN_BOOL_CONVERSION = YES;
				CLANG_WARN_CONSTANT_CONVERSION = YES;
				CLANG_WARN_DIRECT_OBJC_ISA_USAGE = YES_ERROR;
				CLANG_WARN_EMPTY_BODY = YES;
				CLANG_WARN_ENUM_CONVERSION = YES;
				CLANG_WARN_INT_CONVERSION = YES;
				CLANG_WARN_OBJC_ROOT_CLASS = YES_ERROR;
				CLANG_WARN_UNREACHABLE_CODE = YES;
				CLANG_WARN__DUPLICATE_METHOD_MATCH = YES;
				"CODE_SIGN_IDENTITY[sdk=iphoneos*]" = "iPhone Developer";
				COPY_PHASE_STRIP = YES;
				ENABLE_NS_ASSERTIONS = NO;
				ENABLE_STRICT_OBJC_MSGSEND = YES;
				GCC_C_LANGUAGE_STANDARD = gnu99;
				GCC_WARN_64_TO_32_BIT_CONVERSION = YES;
				GCC_WARN_ABOUT_RETURN_TYPE = YES_ERROR;
				GCC_WARN_UNDECLARED_SELECTOR = YES;
				GCC_WARN_UNINITIALIZED_AUTOS = YES_AGGRESSIVE;
				GCC_WARN_UNUSED_FUNCTION = YES;
				GCC_WARN_UNUSED_VARIABLE = YES;
				IPHONEOS_DEPLOYMENT_TARGET = 8.0;
				METAL_ENABLE_DEBUG_INFO = NO;
				SDKROOT = iphoneos;
				VALIDATE_PRODUCT = YES;
			};
			name = Release;
		};
		385CF9F119842B4F00CF9563 /* Debug */ = {
			isa = XCBuildConfiguration;
			buildSettings = {
				ASSETCATALOG_COMPILER_APPICON_NAME = AppIcon;
				ASSETCATALOG_COMPILER_LAUNCHIMAGE_NAME = LaunchImage;
				CODE_SIGN_IDENTITY = "iPhone Developer";
				INFOPLIST_FILE = Voice/Info.plist;
				IPHONEOS_DEPLOYMENT_TARGET = 7.0;
				LD_RUNPATH_SEARCH_PATHS = "$(inherited) @executable_path/Frameworks";
				PRODUCT_NAME = "$(TARGET_NAME)";
				PROVISIONING_PROFILE = "";
			};
			name = Debug;
		};
		385CF9F219842B4F00CF9563 /* Release */ = {
			isa = XCBuildConfiguration;
			buildSettings = {
				ASSETCATALOG_COMPILER_APPICON_NAME = AppIcon;
				ASSETCATALOG_COMPILER_LAUNCHIMAGE_NAME = LaunchImage;
				CODE_SIGN_IDENTITY = "iPhone Developer";
				"CODE_SIGN_IDENTITY[sdk=iphoneos*]" = "iPhone Developer";
				INFOPLIST_FILE = Voice/Info.plist;
				IPHONEOS_DEPLOYMENT_TARGET = 7.0;
				LD_RUNPATH_SEARCH_PATHS = "$(inherited) @executable_path/Frameworks";
				PRODUCT_NAME = "$(TARGET_NAME)";
				PROVISIONING_PROFILE = "";
			};
			name = Release;
		};
		385CF9F419842B4F00CF9563 /* Debug */ = {
			isa = XCBuildConfiguration;
			buildSettings = {
				BUNDLE_LOADER = "$(BUILT_PRODUCTS_DIR)/Voice.app/Voice";
				FRAMEWORK_SEARCH_PATHS = (
					"$(SDKROOT)/Developer/Library/Frameworks",
					"$(inherited)",
				);
				GCC_PREPROCESSOR_DEFINITIONS = (
					"DEBUG=1",
					"$(inherited)",
				);
				INFOPLIST_FILE = VoiceTests/Info.plist;
				LD_RUNPATH_SEARCH_PATHS = "$(inherited) @executable_path/Frameworks @loader_path/Frameworks";
				METAL_ENABLE_DEBUG_INFO = YES;
				PRODUCT_NAME = "$(TARGET_NAME)";
				TEST_HOST = "$(BUNDLE_LOADER)";
			};
			name = Debug;
		};
		385CF9F519842B4F00CF9563 /* Release */ = {
			isa = XCBuildConfiguration;
			buildSettings = {
				BUNDLE_LOADER = "$(BUILT_PRODUCTS_DIR)/Voice.app/Voice";
				FRAMEWORK_SEARCH_PATHS = (
					"$(SDKROOT)/Developer/Library/Frameworks",
					"$(inherited)",
				);
				INFOPLIST_FILE = VoiceTests/Info.plist;
				LD_RUNPATH_SEARCH_PATHS = "$(inherited) @executable_path/Frameworks @loader_path/Frameworks";
				METAL_ENABLE_DEBUG_INFO = NO;
				PRODUCT_NAME = "$(TARGET_NAME)";
				TEST_HOST = "$(BUNDLE_LOADER)";
			};
			name = Release;
		};
/* End XCBuildConfiguration section */

/* Begin XCConfigurationList section */
		385CF9CB19842B4F00CF9563 /* Build configuration list for PBXProject "Voice" */ = {
			isa = XCConfigurationList;
			buildConfigurations = (
				385CF9EE19842B4F00CF9563 /* Debug */,
				385CF9EF19842B4F00CF9563 /* Release */,
			);
			defaultConfigurationIsVisible = 0;
			defaultConfigurationName = Release;
		};
		385CF9F019842B4F00CF9563 /* Build configuration list for PBXNativeTarget "Voice" */ = {
			isa = XCConfigurationList;
			buildConfigurations = (
				385CF9F119842B4F00CF9563 /* Debug */,
				385CF9F219842B4F00CF9563 /* Release */,
			);
			defaultConfigurationIsVisible = 0;
			defaultConfigurationName = Release;
		};
		385CF9F319842B4F00CF9563 /* Build configuration list for PBXNativeTarget "VoiceTests" */ = {
			isa = XCConfigurationList;
			buildConfigurations = (
				385CF9F419842B4F00CF9563 /* Debug */,
				385CF9F519842B4F00CF9563 /* Release */,
			);
			defaultConfigurationIsVisible = 0;
			defaultConfigurationName = Release;
		};
/* End XCConfigurationList section */
	};
	rootObject = 385CF9C819842B4F00CF9563 /* Project object */;
}
