// !$*UTF8*$!
{
	archiveVersion = 1;
	classes = {
	};
	objectVersion = 46;
	objects = {

/* Begin PBXBuildFile section */
		0A26A3E21741746F004DD086 /* UIKit.framework in Frameworks */ = {isa = PBXBuildFile; fileRef = 0A26A3E11741746F004DD086 /* UIKit.framework */; };
		0A26A3E41741746F004DD086 /* Foundation.framework in Frameworks */ = {isa = PBXBuildFile; fileRef = 0A26A3E31741746F004DD086 /* Foundation.framework */; };
		0A26A3E61741746F004DD086 /* CoreGraphics.framework in Frameworks */ = {isa = PBXBuildFile; fileRef = 0A26A3E51741746F004DD086 /* CoreGraphics.framework */; };
		0A26A3F31741746F004DD086 /* InfoPlist.strings in Resources */ = {isa = PBXBuildFile; fileRef = 0A26A3F11741746F004DD086 /* InfoPlist.strings */; };
		0A26A3F51741746F004DD086 /* main.m in Sources */ = {isa = PBXBuildFile; fileRef = 0A26A3F41741746F004DD086 /* main.m */; };
		0A26A42117492A34004DD086 /* sample.jpg in Resources */ = {isa = PBXBuildFile; fileRef = 0A26A41F17492A34004DD086 /* sample.jpg */; };
		38191AD31905AC8800730C24 /* AppDelegate.m in Sources */ = {isa = PBXBuildFile; fileRef = 38191AD21905AC8800730C24 /* AppDelegate.m */; };
		38191AD91905AEE700730C24 /* SpeakViewController.m in Sources */ = {isa = PBXBuildFile; fileRef = 38191AD81905AEE700730C24 /* SpeakViewController.m */; };
		38191ADB1905AF0C00730C24 /* Storyboard.storyboard in Resources */ = {isa = PBXBuildFile; fileRef = 38191ADA1905AF0C00730C24 /* Storyboard.storyboard */; };
		38191AE01905D9D700730C24 /* AVFoundation.framework in Frameworks */ = {isa = PBXBuildFile; fileRef = 38191ADF1905D9D700730C24 /* AVFoundation.framework */; };
		3836A4211970B072009C9F82 /* NSObject+SBJSON.m in Sources */ = {isa = PBXBuildFile; fileRef = 3836A4181970B072009C9F82 /* NSObject+SBJSON.m */; settings = {COMPILER_FLAGS = "-fno-objc-arc"; }; };
		3836A4221970B072009C9F82 /* NSString+SBJSON.m in Sources */ = {isa = PBXBuildFile; fileRef = 3836A41A1970B072009C9F82 /* NSString+SBJSON.m */; settings = {COMPILER_FLAGS = "-fno-objc-arc"; }; };
		3836A4231970B072009C9F82 /* SBJsonBase.m in Sources */ = {isa = PBXBuildFile; fileRef = 3836A41C1970B072009C9F82 /* SBJsonBase.m */; settings = {COMPILER_FLAGS = "-fno-objc-arc"; }; };
		3836A4241970B072009C9F82 /* SBJsonParser.m in Sources */ = {isa = PBXBuildFile; fileRef = 3836A41E1970B072009C9F82 /* SBJsonParser.m */; settings = {COMPILER_FLAGS = "-fno-objc-arc"; }; };
		3836A4251970B072009C9F82 /* SBJsonWriter.m in Sources */ = {isa = PBXBuildFile; fileRef = 3836A4201970B072009C9F82 /* SBJsonWriter.m */; settings = {COMPILER_FLAGS = "-fno-objc-arc"; }; };
		383D5E15193AA3E100454B78 /* player-568h@2x.png in Resources */ = {isa = PBXBuildFile; fileRef = 383D5E12193AA3E100454B78 /* player-568h@2x.png */; };
		383D5E16193AA3E100454B78 /* player.png in Resources */ = {isa = PBXBuildFile; fileRef = 383D5E13193AA3E100454B78 /* player.png */; };
		383D5E17193AA3E100454B78 /* player@2x.png in Resources */ = {isa = PBXBuildFile; fileRef = 383D5E14193AA3E100454B78 /* player@2x.png */; };
		383D5E24193AAAA800454B78 /* backward.png in Resources */ = {isa = PBXBuildFile; fileRef = 383D5E18193AAAA800454B78 /* backward.png */; };
		383D5E25193AAAA800454B78 /* backward@2x.png in Resources */ = {isa = PBXBuildFile; fileRef = 383D5E19193AAAA800454B78 /* backward@2x.png */; };
		383D5E26193AAAA800454B78 /* forward.png in Resources */ = {isa = PBXBuildFile; fileRef = 383D5E1A193AAAA800454B78 /* forward.png */; };
		383D5E27193AAAA800454B78 /* forward@2x.png in Resources */ = {isa = PBXBuildFile; fileRef = 383D5E1B193AAAA800454B78 /* forward@2x.png */; };
		383D5E28193AAAA800454B78 /* logo.png in Resources */ = {isa = PBXBuildFile; fileRef = 383D5E1C193AAAA800454B78 /* logo.png */; };
		383D5E29193AAAA800454B78 /* logo@2x.png in Resources */ = {isa = PBXBuildFile; fileRef = 383D5E1D193AAAA800454B78 /* logo@2x.png */; };
		383D5E2A193AAAA800454B78 /* pause.png in Resources */ = {isa = PBXBuildFile; fileRef = 383D5E1E193AAAA800454B78 /* pause.png */; };
		383D5E2B193AAAA800454B78 /* pause@2x.png in Resources */ = {isa = PBXBuildFile; fileRef = 383D5E1F193AAAA800454B78 /* pause@2x.png */; };
		383D5E2E193AAAA800454B78 /* play.png in Resources */ = {isa = PBXBuildFile; fileRef = 383D5E22193AAAA800454B78 /* play.png */; };
		383D5E2F193AAAA800454B78 /* play@2x.png in Resources */ = {isa = PBXBuildFile; fileRef = 383D5E23193AAAA800454B78 /* play@2x.png */; };
		383D5E36193AAD3000454B78 /* pointer.png in Resources */ = {isa = PBXBuildFile; fileRef = 383D5E34193AAD3000454B78 /* pointer.png */; };
		383D5E37193AAD3000454B78 /* pointer@2x.png in Resources */ = {isa = PBXBuildFile; fileRef = 383D5E35193AAD3000454B78 /* pointer@2x.png */; };
		3872E6F0191205EF0094E781 /* speak-568h@2x.png in Resources */ = {isa = PBXBuildFile; fileRef = 3872E6ED191205EF0094E781 /* speak-568h@2x.png */; };
		3872E6F1191205EF0094E781 /* speak.png in Resources */ = {isa = PBXBuildFile; fileRef = 3872E6EE191205EF0094E781 /* speak.png */; };
		3872E6F2191205EF0094E781 /* speak@2x.png in Resources */ = {isa = PBXBuildFile; fileRef = 3872E6EF191205EF0094E781 /* speak@2x.png */; };
		3872E6F7191208240094E781 /* photo.png in Resources */ = {isa = PBXBuildFile; fileRef = 3872E6F3191208240094E781 /* photo.png */; };
		3872E6F8191208240094E781 /* photo@2x.png in Resources */ = {isa = PBXBuildFile; fileRef = 3872E6F4191208240094E781 /* photo@2x.png */; };
		3872E6F9191208240094E781 /* talk.png in Resources */ = {isa = PBXBuildFile; fileRef = 3872E6F5191208240094E781 /* talk.png */; };
		3872E6FA191208240094E781 /* talk@2x.png in Resources */ = {isa = PBXBuildFile; fileRef = 3872E6F6191208240094E781 /* talk@2x.png */; };
		3872E6FD19120CF50094E781 /* logo.png in Resources */ = {isa = PBXBuildFile; fileRef = 3872E6FB19120CF50094E781 /* logo.png */; };
		3872E6FE19120CF50094E781 /* logo@2x.png in Resources */ = {isa = PBXBuildFile; fileRef = 3872E6FC19120CF50094E781 /* logo@2x.png */; };
		3872E89F1914818E0094E781 /* ViewController.m in Sources */ = {isa = PBXBuildFile; fileRef = 3872E89E1914818E0094E781 /* ViewController.m */; };
		38739D5D190B3613009AF508 /* AcousticModelEnglish.bundle in Resources */ = {isa = PBXBuildFile; fileRef = 38739D59190B3613009AF508 /* AcousticModelEnglish.bundle */; };
		38739D5E190B3613009AF508 /* AcousticModelSpanish.bundle in Resources */ = {isa = PBXBuildFile; fileRef = 38739D5A190B3613009AF508 /* AcousticModelSpanish.bundle */; };
		38739D62190B36B6009AF508 /* AudioToolbox.framework in Frameworks */ = {isa = PBXBuildFile; fileRef = 38739D61190B36B6009AF508 /* AudioToolbox.framework */; };
		49C023F1174B89A2000DD375 /* MainView.xib in Resources */ = {isa = PBXBuildFile; fileRef = 49C023EF174B89A2000DD375 /* MainView.xib */; };
		49CF5756174CF50E00876D14 /* TextView.xib in Resources */ = {isa = PBXBuildFile; fileRef = 49CF5755174CF50E00876D14 /* TextView.xib */; };
		49CF575D174D04D300876D14 /* Default-568h@2x.png in Resources */ = {isa = PBXBuildFile; fileRef = 0A26A3FD1741746F004DD086 /* Default-568h@2x.png */; };
		49CF575E174D04DD00876D14 /* Default@2x.png in Resources */ = {isa = PBXBuildFile; fileRef = 0A26A3FB1741746F004DD086 /* Default@2x.png */; };
		49CF575F174D04E000876D14 /* Default.png in Resources */ = {isa = PBXBuildFile; fileRef = 0A26A3F91741746F004DD086 /* Default.png */; };
/* End PBXBuildFile section */

/* Begin PBXFileReference section */
		0A26A3DE1741746F004DD086 /* Speak.app */ = {isa = PBXFileReference; explicitFileType = wrapper.application; includeInIndex = 0; path = Speak.app; sourceTree = BUILT_PRODUCTS_DIR; };
		0A26A3E11741746F004DD086 /* UIKit.framework */ = {isa = PBXFileReference; lastKnownFileType = wrapper.framework; name = UIKit.framework; path = System/Library/Frameworks/UIKit.framework; sourceTree = SDKROOT; };
		0A26A3E31741746F004DD086 /* Foundation.framework */ = {isa = PBXFileReference; lastKnownFileType = wrapper.framework; name = Foundation.framework; path = System/Library/Frameworks/Foundation.framework; sourceTree = SDKROOT; };
		0A26A3E51741746F004DD086 /* CoreGraphics.framework */ = {isa = PBXFileReference; lastKnownFileType = wrapper.framework; name = CoreGraphics.framework; path = System/Library/Frameworks/CoreGraphics.framework; sourceTree = SDKROOT; };
		0A26A3EB1741746F004DD086 /* Speak-Prefix.pch */ = {isa = PBXFileReference; lastKnownFileType = sourcecode.c.h; path = "Speak-Prefix.pch"; sourceTree = "<group>"; };
		0A26A3F21741746F004DD086 /* en */ = {isa = PBXFileReference; lastKnownFileType = text.plist.strings; name = en; path = en.lproj/InfoPlist.strings; sourceTree = "<group>"; };
		0A26A3F41741746F004DD086 /* main.m */ = {isa = PBXFileReference; lastKnownFileType = sourcecode.c.objc; path = main.m; sourceTree = "<group>"; };
		0A26A3F91741746F004DD086 /* Default.png */ = {isa = PBXFileReference; lastKnownFileType = image.png; path = Default.png; sourceTree = "<group>"; };
		0A26A3FB1741746F004DD086 /* Default@2x.png */ = {isa = PBXFileReference; lastKnownFileType = image.png; path = "Default@2x.png"; sourceTree = "<group>"; };
		0A26A3FD1741746F004DD086 /* Default-568h@2x.png */ = {isa = PBXFileReference; lastKnownFileType = image.png; path = "Default-568h@2x.png"; sourceTree = "<group>"; };
		0A26A40817417A1E004DD086 /* Speak-Info.plist */ = {isa = PBXFileReference; fileEncoding = 4; lastKnownFileType = text.plist.xml; path = "Speak-Info.plist"; sourceTree = "<group>"; };
		0A26A41F17492A34004DD086 /* sample.jpg */ = {isa = PBXFileReference; lastKnownFileType = image.jpeg; path = sample.jpg; sourceTree = "<group>"; };
		38191AD11905AC8800730C24 /* AppDelegate.h */ = {isa = PBXFileReference; fileEncoding = 4; lastKnownFileType = sourcecode.c.h; path = AppDelegate.h; sourceTree = "<group>"; };
		38191AD21905AC8800730C24 /* AppDelegate.m */ = {isa = PBXFileReference; fileEncoding = 4; lastKnownFileType = sourcecode.c.objc; path = AppDelegate.m; sourceTree = "<group>"; };
		38191AD71905AEE700730C24 /* SpeakViewController.h */ = {isa = PBXFileReference; fileEncoding = 4; lastKnownFileType = sourcecode.c.h; path = SpeakViewController.h; sourceTree = "<group>"; };
		38191AD81905AEE700730C24 /* SpeakViewController.m */ = {isa = PBXFileReference; fileEncoding = 4; lastKnownFileType = sourcecode.c.objc; path = SpeakViewController.m; sourceTree = "<group>"; };
		38191ADA1905AF0C00730C24 /* Storyboard.storyboard */ = {isa = PBXFileReference; fileEncoding = 4; lastKnownFileType = file.storyboard; path = Storyboard.storyboard; sourceTree = "<group>"; };
		38191ADF1905D9D700730C24 /* AVFoundation.framework */ = {isa = PBXFileReference; lastKnownFileType = wrapper.framework; name = AVFoundation.framework; path = System/Library/Frameworks/AVFoundation.framework; sourceTree = SDKROOT; };
		3819A97219281D2C009F02E0 /* MobileCoreServices.framework */ = {isa = PBXFileReference; lastKnownFileType = wrapper.framework; name = MobileCoreServices.framework; path = System/Library/Frameworks/MobileCoreServices.framework; sourceTree = SDKROOT; };
		3836A4161970B072009C9F82 /* JSON.h */ = {isa = PBXFileReference; fileEncoding = 4; lastKnownFileType = sourcecode.c.h; path = JSON.h; sourceTree = "<group>"; };
		3836A4171970B072009C9F82 /* NSObject+SBJSON.h */ = {isa = PBXFileReference; fileEncoding = 4; lastKnownFileType = sourcecode.c.h; path = "NSObject+SBJSON.h"; sourceTree = "<group>"; };
		3836A4181970B072009C9F82 /* NSObject+SBJSON.m */ = {isa = PBXFileReference; fileEncoding = 4; lastKnownFileType = sourcecode.c.objc; path = "NSObject+SBJSON.m"; sourceTree = "<group>"; };
		3836A4191970B072009C9F82 /* NSString+SBJSON.h */ = {isa = PBXFileReference; fileEncoding = 4; lastKnownFileType = sourcecode.c.h; path = "NSString+SBJSON.h"; sourceTree = "<group>"; };
		3836A41A1970B072009C9F82 /* NSString+SBJSON.m */ = {isa = PBXFileReference; fileEncoding = 4; lastKnownFileType = sourcecode.c.objc; path = "NSString+SBJSON.m"; sourceTree = "<group>"; };
		3836A41B1970B072009C9F82 /* SBJsonBase.h */ = {isa = PBXFileReference; fileEncoding = 4; lastKnownFileType = sourcecode.c.h; path = SBJsonBase.h; sourceTree = "<group>"; };
		3836A41C1970B072009C9F82 /* SBJsonBase.m */ = {isa = PBXFileReference; fileEncoding = 4; lastKnownFileType = sourcecode.c.objc; path = SBJsonBase.m; sourceTree = "<group>"; };
		3836A41D1970B072009C9F82 /* SBJsonParser.h */ = {isa = PBXFileReference; fileEncoding = 4; lastKnownFileType = sourcecode.c.h; path = SBJsonParser.h; sourceTree = "<group>"; };
		3836A41E1970B072009C9F82 /* SBJsonParser.m */ = {isa = PBXFileReference; fileEncoding = 4; lastKnownFileType = sourcecode.c.objc; path = SBJsonParser.m; sourceTree = "<group>"; };
		3836A41F1970B072009C9F82 /* SBJsonWriter.h */ = {isa = PBXFileReference; fileEncoding = 4; lastKnownFileType = sourcecode.c.h; path = SBJsonWriter.h; sourceTree = "<group>"; };
		3836A4201970B072009C9F82 /* SBJsonWriter.m */ = {isa = PBXFileReference; fileEncoding = 4; lastKnownFileType = sourcecode.c.objc; path = SBJsonWriter.m; sourceTree = "<group>"; };
		383D5E12193AA3E100454B78 /* player-568h@2x.png */ = {isa = PBXFileReference; lastKnownFileType = image.png; path = "player-568h@2x.png"; sourceTree = "<group>"; };
		383D5E13193AA3E100454B78 /* player.png */ = {isa = PBXFileReference; lastKnownFileType = image.png; path = player.png; sourceTree = "<group>"; };
		383D5E14193AA3E100454B78 /* player@2x.png */ = {isa = PBXFileReference; lastKnownFileType = image.png; path = "player@2x.png"; sourceTree = "<group>"; };
		383D5E18193AAAA800454B78 /* backward.png */ = {isa = PBXFileReference; lastKnownFileType = image.png; path = backward.png; sourceTree = "<group>"; };
		383D5E19193AAAA800454B78 /* backward@2x.png */ = {isa = PBXFileReference; lastKnownFileType = image.png; path = "backward@2x.png"; sourceTree = "<group>"; };
		383D5E1A193AAAA800454B78 /* forward.png */ = {isa = PBXFileReference; lastKnownFileType = image.png; path = forward.png; sourceTree = "<group>"; };
		383D5E1B193AAAA800454B78 /* forward@2x.png */ = {isa = PBXFileReference; lastKnownFileType = image.png; path = "forward@2x.png"; sourceTree = "<group>"; };
		383D5E1C193AAAA800454B78 /* logo.png */ = {isa = PBXFileReference; lastKnownFileType = image.png; path = logo.png; sourceTree = "<group>"; };
		383D5E1D193AAAA800454B78 /* logo@2x.png */ = {isa = PBXFileReference; lastKnownFileType = image.png; path = "logo@2x.png"; sourceTree = "<group>"; };
		383D5E1E193AAAA800454B78 /* pause.png */ = {isa = PBXFileReference; lastKnownFileType = image.png; path = pause.png; sourceTree = "<group>"; };
		383D5E1F193AAAA800454B78 /* pause@2x.png */ = {isa = PBXFileReference; lastKnownFileType = image.png; path = "pause@2x.png"; sourceTree = "<group>"; };
		383D5E22193AAAA800454B78 /* play.png */ = {isa = PBXFileReference; lastKnownFileType = image.png; path = play.png; sourceTree = "<group>"; };
		383D5E23193AAAA800454B78 /* play@2x.png */ = {isa = PBXFileReference; lastKnownFileType = image.png; path = "play@2x.png"; sourceTree = "<group>"; };
		383D5E34193AAD3000454B78 /* pointer.png */ = {isa = PBXFileReference; lastKnownFileType = image.png; path = pointer.png; sourceTree = "<group>"; };
		383D5E35193AAD3000454B78 /* pointer@2x.png */ = {isa = PBXFileReference; lastKnownFileType = image.png; path = "pointer@2x.png"; sourceTree = "<group>"; };
		3872E6ED191205EF0094E781 /* speak-568h@2x.png */ = {isa = PBXFileReference; lastKnownFileType = image.png; path = "speak-568h@2x.png"; sourceTree = "<group>"; };
		3872E6EE191205EF0094E781 /* speak.png */ = {isa = PBXFileReference; lastKnownFileType = image.png; path = speak.png; sourceTree = "<group>"; };
		3872E6EF191205EF0094E781 /* speak@2x.png */ = {isa = PBXFileReference; lastKnownFileType = image.png; path = "speak@2x.png"; sourceTree = "<group>"; };
		3872E6F3191208240094E781 /* photo.png */ = {isa = PBXFileReference; lastKnownFileType = image.png; path = photo.png; sourceTree = "<group>"; };
		3872E6F4191208240094E781 /* photo@2x.png */ = {isa = PBXFileReference; lastKnownFileType = image.png; path = "photo@2x.png"; sourceTree = "<group>"; };
		3872E6F5191208240094E781 /* talk.png */ = {isa = PBXFileReference; lastKnownFileType = image.png; path = talk.png; sourceTree = "<group>"; };
		3872E6F6191208240094E781 /* talk@2x.png */ = {isa = PBXFileReference; lastKnownFileType = image.png; path = "talk@2x.png"; sourceTree = "<group>"; };
		3872E6FB19120CF50094E781 /* logo.png */ = {isa = PBXFileReference; lastKnownFileType = image.png; path = logo.png; sourceTree = "<group>"; };
		3872E6FC19120CF50094E781 /* logo@2x.png */ = {isa = PBXFileReference; lastKnownFileType = image.png; path = "logo@2x.png"; sourceTree = "<group>"; };
		3872E89D1914818E0094E781 /* ViewController.h */ = {isa = PBXFileReference; fileEncoding = 4; lastKnownFileType = sourcecode.c.h; path = ViewController.h; sourceTree = "<group>"; };
		3872E89E1914818E0094E781 /* ViewController.m */ = {isa = PBXFileReference; fileEncoding = 4; lastKnownFileType = sourcecode.c.objc; path = ViewController.m; sourceTree = "<group>"; };
		38739D59190B3613009AF508 /* AcousticModelEnglish.bundle */ = {isa = PBXFileReference; lastKnownFileType = "wrapper.plug-in"; path = AcousticModelEnglish.bundle; sourceTree = "<group>"; };
		38739D5A190B3613009AF508 /* AcousticModelSpanish.bundle */ = {isa = PBXFileReference; lastKnownFileType = "wrapper.plug-in"; path = AcousticModelSpanish.bundle; sourceTree = "<group>"; };
		38739D5B190B3613009AF508 /* OpenEars.framework */ = {isa = PBXFileReference; lastKnownFileType = wrapper.framework; path = OpenEars.framework; sourceTree = "<group>"; };
		38739D5C190B3613009AF508 /* Slt.framework */ = {isa = PBXFileReference; lastKnownFileType = wrapper.framework; path = Slt.framework; sourceTree = "<group>"; };
		38739D61190B36B6009AF508 /* AudioToolbox.framework */ = {isa = PBXFileReference; lastKnownFileType = wrapper.framework; name = AudioToolbox.framework; path = System/Library/Frameworks/AudioToolbox.framework; sourceTree = SDKROOT; };
		38D33EE81974B9A100EC1A74 /* Security.framework */ = {isa = PBXFileReference; lastKnownFileType = wrapper.framework; name = Security.framework; path = System/Library/Frameworks/Security.framework; sourceTree = SDKROOT; };
		38D33EEA1974B9A800EC1A74 /* SystemConfiguration.framework */ = {isa = PBXFileReference; lastKnownFileType = wrapper.framework; name = SystemConfiguration.framework; path = System/Library/Frameworks/SystemConfiguration.framework; sourceTree = SDKROOT; };
		38D33EEC1974CA7500EC1A74 /* libGTLTouchStaticLib.a */ = {isa = PBXFileReference; lastKnownFileType = archive.ar; name = libGTLTouchStaticLib.a; path = "../google-api-objectivec-client-read-only/Source/build/Debug-iphoneos/libGTLTouchStaticLib.a"; sourceTree = "<group>"; };
		45F60683E5D44627B5420859 /* libPods.a */ = {isa = PBXFileReference; explicitFileType = archive.ar; includeInIndex = 0; path = libPods.a; sourceTree = BUILT_PRODUCTS_DIR; };
		49C023EF174B89A2000DD375 /* MainView.xib */ = {isa = PBXFileReference; fileEncoding = 4; lastKnownFileType = file.xib; path = MainView.xib; sourceTree = "<group>"; };
		49CF5755174CF50E00876D14 /* TextView.xib */ = {isa = PBXFileReference; fileEncoding = 4; lastKnownFileType = file.xib; path = TextView.xib; sourceTree = "<group>"; };
/* End PBXFileReference section */

/* Begin PBXFrameworksBuildPhase section */
		0A26A3DB1741746F004DD086 /* Frameworks */ = {
			isa = PBXFrameworksBuildPhase;
			buildActionMask = 2147483647;
			files = (
				38739D62190B36B6009AF508 /* AudioToolbox.framework in Frameworks */,
				38191AE01905D9D700730C24 /* AVFoundation.framework in Frameworks */,
				0A26A3E21741746F004DD086 /* UIKit.framework in Frameworks */,
				0A26A3E41741746F004DD086 /* Foundation.framework in Frameworks */,
				0A26A3E61741746F004DD086 /* CoreGraphics.framework in Frameworks */,
			);
			runOnlyForDeploymentPostprocessing = 0;
		};
/* End PBXFrameworksBuildPhase section */

/* Begin PBXGroup section */
		0A26A3D51741746F004DD086 = {
			isa = PBXGroup;
			children = (
				38191AD11905AC8800730C24 /* AppDelegate.h */,
				38191AD21905AC8800730C24 /* AppDelegate.m */,
				3872E89D1914818E0094E781 /* ViewController.h */,
				3872E89E1914818E0094E781 /* ViewController.m */,
				38191ADA1905AF0C00730C24 /* Storyboard.storyboard */,
				38191AD71905AEE700730C24 /* SpeakViewController.h */,
				38191AD81905AEE700730C24 /* SpeakViewController.m */,
				3836A4151970B072009C9F82 /* JSON */,
				3872E6EC191205E20094E781 /* Images */,
				0A26A40A17417A24004DD086 /* Sources */,
				0A26A40B17417A2D004DD086 /* Resources */,
				0A26A3E01741746F004DD086 /* Frameworks */,
				0A26A3DF1741746F004DD086 /* Products */,
			);
			sourceTree = "<group>";
		};
		0A26A3DF1741746F004DD086 /* Products */ = {
			isa = PBXGroup;
			children = (
				0A26A3DE1741746F004DD086 /* Speak.app */,
			);
			name = Products;
			sourceTree = "<group>";
		};
		0A26A3E01741746F004DD086 /* Frameworks */ = {
			isa = PBXGroup;
			children = (
				38D33EEC1974CA7500EC1A74 /* libGTLTouchStaticLib.a */,
				38D33EEA1974B9A800EC1A74 /* SystemConfiguration.framework */,
				38D33EE81974B9A100EC1A74 /* Security.framework */,
				3819A97219281D2C009F02E0 /* MobileCoreServices.framework */,
				38739D61190B36B6009AF508 /* AudioToolbox.framework */,
				38739D58190B3613009AF508 /* Framework */,
				38191ADF1905D9D700730C24 /* AVFoundation.framework */,
				0A26A3E11741746F004DD086 /* UIKit.framework */,
				0A26A3E31741746F004DD086 /* Foundation.framework */,
				0A26A3E51741746F004DD086 /* CoreGraphics.framework */,
				45F60683E5D44627B5420859 /* libPods.a */,
			);
			name = Frameworks;
			sourceTree = "<group>";
		};
		0A26A40A17417A24004DD086 /* Sources */ = {
			isa = PBXGroup;
			children = (
				0A26A3EB1741746F004DD086 /* Speak-Prefix.pch */,
				0A26A3F41741746F004DD086 /* main.m */,
			);
			path = Sources;
			sourceTree = "<group>";
		};
		0A26A40B17417A2D004DD086 /* Resources */ = {
			isa = PBXGroup;
			children = (
				49C023EF174B89A2000DD375 /* MainView.xib */,
				49CF5755174CF50E00876D14 /* TextView.xib */,
				0A26A41F17492A34004DD086 /* sample.jpg */,
				0A26A40817417A1E004DD086 /* Speak-Info.plist */,
				0A26A3F11741746F004DD086 /* InfoPlist.strings */,
				0A26A3F91741746F004DD086 /* Default.png */,
				0A26A3FB1741746F004DD086 /* Default@2x.png */,
				0A26A3FD1741746F004DD086 /* Default-568h@2x.png */,
			);
			path = Resources;
			sourceTree = "<group>";
		};
		3836A4151970B072009C9F82 /* JSON */ = {
			isa = PBXGroup;
			children = (
				3836A4161970B072009C9F82 /* JSON.h */,
				3836A4171970B072009C9F82 /* NSObject+SBJSON.h */,
				3836A4181970B072009C9F82 /* NSObject+SBJSON.m */,
				3836A4191970B072009C9F82 /* NSString+SBJSON.h */,
				3836A41A1970B072009C9F82 /* NSString+SBJSON.m */,
				3836A41B1970B072009C9F82 /* SBJsonBase.h */,
				3836A41C1970B072009C9F82 /* SBJsonBase.m */,
				3836A41D1970B072009C9F82 /* SBJsonParser.h */,
				3836A41E1970B072009C9F82 /* SBJsonParser.m */,
				3836A41F1970B072009C9F82 /* SBJsonWriter.h */,
				3836A4201970B072009C9F82 /* SBJsonWriter.m */,
			);
			path = JSON;
			sourceTree = "<group>";
		};
		3872E6EC191205E20094E781 /* Images */ = {
			isa = PBXGroup;
			children = (
				383D5E34193AAD3000454B78 /* pointer.png */,
				383D5E35193AAD3000454B78 /* pointer@2x.png */,
				383D5E18193AAAA800454B78 /* backward.png */,
				383D5E19193AAAA800454B78 /* backward@2x.png */,
				383D5E1A193AAAA800454B78 /* forward.png */,
				383D5E1B193AAAA800454B78 /* forward@2x.png */,
				383D5E1C193AAAA800454B78 /* logo.png */,
				383D5E1D193AAAA800454B78 /* logo@2x.png */,
				383D5E1E193AAAA800454B78 /* pause.png */,
				383D5E1F193AAAA800454B78 /* pause@2x.png */,
				383D5E22193AAAA800454B78 /* play.png */,
				383D5E23193AAAA800454B78 /* play@2x.png */,
				383D5E12193AA3E100454B78 /* player-568h@2x.png */,
				383D5E13193AA3E100454B78 /* player.png */,
				383D5E14193AA3E100454B78 /* player@2x.png */,
				3872E6FB19120CF50094E781 /* logo.png */,
				3872E6FC19120CF50094E781 /* logo@2x.png */,
				3872E6F3191208240094E781 /* photo.png */,
				3872E6F4191208240094E781 /* photo@2x.png */,
				3872E6F5191208240094E781 /* talk.png */,
				3872E6F6191208240094E781 /* talk@2x.png */,
				3872E6ED191205EF0094E781 /* speak-568h@2x.png */,
				3872E6EE191205EF0094E781 /* speak.png */,
				3872E6EF191205EF0094E781 /* speak@2x.png */,
			);
			path = Images;
			sourceTree = "<group>";
		};
		38739D58190B3613009AF508 /* Framework */ = {
			isa = PBXGroup;
			children = (
				38739D59190B3613009AF508 /* AcousticModelEnglish.bundle */,
				38739D5A190B3613009AF508 /* AcousticModelSpanish.bundle */,
				38739D5B190B3613009AF508 /* OpenEars.framework */,
				38739D5C190B3613009AF508 /* Slt.framework */,
			);
			path = Framework;
			sourceTree = "<group>";
		};
/* End PBXGroup section */

/* Begin PBXNativeTarget section */
		0A26A3DD1741746F004DD086 /* Speak */ = {
			isa = PBXNativeTarget;
			buildConfigurationList = 0A26A4011741746F004DD086 /* Build configuration list for PBXNativeTarget "Speak" */;
			buildPhases = (
				0A26A3DA1741746F004DD086 /* Sources */,
				0A26A3DB1741746F004DD086 /* Frameworks */,
				0A26A3DC1741746F004DD086 /* Resources */,
			);
			buildRules = (
			);
			dependencies = (
			);
			name = Speak;
			productName = OCRSDKDemo;
			productReference = 0A26A3DE1741746F004DD086 /* Speak.app */;
			productType = "com.apple.product-type.application";
		};
/* End PBXNativeTarget section */

/* Begin PBXProject section */
		0A26A3D61741746F004DD086 /* Project object */ = {
			isa = PBXProject;
			attributes = {
				CLASSPREFIX = OCR;
				LastUpgradeCheck = 0460;
				ORGANIZATIONNAME = ABBYY;
			};
			buildConfigurationList = 0A26A3D91741746F004DD086 /* Build configuration list for PBXProject "Speak" */;
			compatibilityVersion = "Xcode 3.2";
			developmentRegion = English;
			hasScannedForEncodings = 0;
			knownRegions = (
				en,
			);
			mainGroup = 0A26A3D51741746F004DD086;
			productRefGroup = 0A26A3DF1741746F004DD086 /* Products */;
			projectDirPath = "";
			projectRoot = "";
			targets = (
				0A26A3DD1741746F004DD086 /* Speak */,
			);
		};
/* End PBXProject section */

/* Begin PBXResourcesBuildPhase section */
		0A26A3DC1741746F004DD086 /* Resources */ = {
			isa = PBXResourcesBuildPhase;
			buildActionMask = 2147483647;
			files = (
				3872E6F9191208240094E781 /* talk.png in Resources */,
				383D5E2E193AAAA800454B78 /* play.png in Resources */,
				38739D5E190B3613009AF508 /* AcousticModelSpanish.bundle in Resources */,
				383D5E17193AA3E100454B78 /* player@2x.png in Resources */,
				383D5E27193AAAA800454B78 /* forward@2x.png in Resources */,
				3872E6F7191208240094E781 /* photo.png in Resources */,
				383D5E2B193AAAA800454B78 /* pause@2x.png in Resources */,
				3872E6F8191208240094E781 /* photo@2x.png in Resources */,
				383D5E25193AAAA800454B78 /* backward@2x.png in Resources */,
				3872E6FE19120CF50094E781 /* logo@2x.png in Resources */,
				3872E6F0191205EF0094E781 /* speak-568h@2x.png in Resources */,
				383D5E2F193AAAA800454B78 /* play@2x.png in Resources */,
				383D5E2A193AAAA800454B78 /* pause.png in Resources */,
				0A26A3F31741746F004DD086 /* InfoPlist.strings in Resources */,
				38191ADB1905AF0C00730C24 /* Storyboard.storyboard in Resources */,
				383D5E16193AA3E100454B78 /* player.png in Resources */,
				383D5E24193AAAA800454B78 /* backward.png in Resources */,
				38739D5D190B3613009AF508 /* AcousticModelEnglish.bundle in Resources */,
				383D5E26193AAAA800454B78 /* forward.png in Resources */,
				3872E6F1191205EF0094E781 /* speak.png in Resources */,
				383D5E28193AAAA800454B78 /* logo.png in Resources */,
				3872E6FA191208240094E781 /* talk@2x.png in Resources */,
				0A26A42117492A34004DD086 /* sample.jpg in Resources */,
				383D5E29193AAAA800454B78 /* logo@2x.png in Resources */,
				3872E6FD19120CF50094E781 /* logo.png in Resources */,
				383D5E37193AAD3000454B78 /* pointer@2x.png in Resources */,
				49C023F1174B89A2000DD375 /* MainView.xib in Resources */,
				383D5E15193AA3E100454B78 /* player-568h@2x.png in Resources */,
				49CF5756174CF50E00876D14 /* TextView.xib in Resources */,
				49CF575D174D04D300876D14 /* Default-568h@2x.png in Resources */,
				49CF575E174D04DD00876D14 /* Default@2x.png in Resources */,
				49CF575F174D04E000876D14 /* Default.png in Resources */,
				3872E6F2191205EF0094E781 /* speak@2x.png in Resources */,
				383D5E36193AAD3000454B78 /* pointer.png in Resources */,
			);
			runOnlyForDeploymentPostprocessing = 0;
		};
/* End PBXResourcesBuildPhase section */

/* Begin PBXSourcesBuildPhase section */
		0A26A3DA1741746F004DD086 /* Sources */ = {
			isa = PBXSourcesBuildPhase;
			buildActionMask = 2147483647;
			files = (
				38191AD91905AEE700730C24 /* SpeakViewController.m in Sources */,
				3836A4251970B072009C9F82 /* SBJsonWriter.m in Sources */,
				3836A4231970B072009C9F82 /* SBJsonBase.m in Sources */,
				0A26A3F51741746F004DD086 /* main.m in Sources */,
				3872E89F1914818E0094E781 /* ViewController.m in Sources */,
				3836A4211970B072009C9F82 /* NSObject+SBJSON.m in Sources */,
				3836A4241970B072009C9F82 /* SBJsonParser.m in Sources */,
				3836A4221970B072009C9F82 /* NSString+SBJSON.m in Sources */,
				38191AD31905AC8800730C24 /* AppDelegate.m in Sources */,
			);
			runOnlyForDeploymentPostprocessing = 0;
		};
/* End PBXSourcesBuildPhase section */

/* Begin PBXVariantGroup section */
		0A26A3F11741746F004DD086 /* InfoPlist.strings */ = {
			isa = PBXVariantGroup;
			children = (
				0A26A3F21741746F004DD086 /* en */,
			);
			name = InfoPlist.strings;
			sourceTree = "<group>";
		};
/* End PBXVariantGroup section */

/* Begin XCBuildConfiguration section */
		0A26A3FF1741746F004DD086 /* Debug */ = {
			isa = XCBuildConfiguration;
			buildSettings = {
				ALWAYS_SEARCH_USER_PATHS = NO;
				CLANG_CXX_LANGUAGE_STANDARD = "gnu++0x";
				CLANG_CXX_LIBRARY = "libc++";
				CLANG_ENABLE_OBJC_ARC = YES;
				CLANG_WARN_CONSTANT_CONVERSION = YES;
				CLANG_WARN_EMPTY_BODY = YES;
				CLANG_WARN_ENUM_CONVERSION = YES;
				CLANG_WARN_INT_CONVERSION = YES;
				CLANG_WARN__DUPLICATE_METHOD_MATCH = YES;
				"CODE_SIGN_IDENTITY[sdk=iphoneos*]" = "iPhone Developer";
				COPY_PHASE_STRIP = NO;
				GCC_C_LANGUAGE_STANDARD = gnu99;
				GCC_DYNAMIC_NO_PIC = NO;
				GCC_OPTIMIZATION_LEVEL = 0;
				GCC_PREPROCESSOR_DEFINITIONS = (
					"DEBUG=1",
					"$(inherited)",
				);
				GCC_SYMBOLS_PRIVATE_EXTERN = NO;
				GCC_WARN_ABOUT_RETURN_TYPE = YES;
				GCC_WARN_UNINITIALIZED_AUTOS = YES;
				GCC_WARN_UNUSED_VARIABLE = YES;
				IPHONEOS_DEPLOYMENT_TARGET = 5.0;
				ONLY_ACTIVE_ARCH = YES;
				SDKROOT = iphoneos;
				TARGETED_DEVICE_FAMILY = "1,2";
				VALID_ARCHS = "arm64 armv7 armv7s";
			};
			name = Debug;
		};
		0A26A4001741746F004DD086 /* Release */ = {
			isa = XCBuildConfiguration;
			buildSettings = {
				ALWAYS_SEARCH_USER_PATHS = NO;
				CLANG_CXX_LANGUAGE_STANDARD = "gnu++0x";
				CLANG_CXX_LIBRARY = "libc++";
				CLANG_ENABLE_OBJC_ARC = YES;
				CLANG_WARN_CONSTANT_CONVERSION = YES;
				CLANG_WARN_EMPTY_BODY = YES;
				CLANG_WARN_ENUM_CONVERSION = YES;
				CLANG_WARN_INT_CONVERSION = YES;
				CLANG_WARN__DUPLICATE_METHOD_MATCH = YES;
				"CODE_SIGN_IDENTITY[sdk=iphoneos*]" = "iPhone Developer";
				COPY_PHASE_STRIP = YES;
				GCC_C_LANGUAGE_STANDARD = gnu99;
				GCC_WARN_ABOUT_RETURN_TYPE = YES;
				GCC_WARN_UNINITIALIZED_AUTOS = YES;
				GCC_WARN_UNUSED_VARIABLE = YES;
				IPHONEOS_DEPLOYMENT_TARGET = 5.0;
				ONLY_ACTIVE_ARCH = YES;
				OTHER_CFLAGS = "-DNS_BLOCK_ASSERTIONS=1";
				SDKROOT = iphoneos;
				TARGETED_DEVICE_FAMILY = "1,2";
				VALIDATE_PRODUCT = YES;
				VALID_ARCHS = "arm64 armv7 armv7s";
			};
			name = Release;
		};
		0A26A4021741746F004DD086 /* Debug */ = {
			isa = XCBuildConfiguration;
			buildSettings = {
				ARCHS = armv7;
				CLANG_CXX_LIBRARY = "compiler-default";
				FRAMEWORK_SEARCH_PATHS = (
					"$(inherited)",
					"$(PROJECT_DIR)/Framework",
				);
				GCC_PRECOMPILE_PREFIX_HEADER = YES;
				GCC_PREFIX_HEADER = "Sources/Speak-Prefix.pch";
				INFOPLIST_FILE = "Resources/Speak-Info.plist";
				IPHONEOS_DEPLOYMENT_TARGET = 7.0;
				LIBRARY_SEARCH_PATHS = (
					"$(inherited)",
					"$(PROJECT_DIR)/Sources",
					"$(PROJECT_DIR)/tesseract-ios/tesseract-ios-lib/lib",
					"$(PROJECT_DIR)/tesseract-ios-lib/lib",
					"/Users/shalinvs/Dropbox/Technology/Developer/Apps/Speak/google-api-objectivec-client-read-only/Source/build/Debug-iphoneos",
				);
				OTHER_LDFLAGS = "";
				PRODUCT_NAME = Speak;
				TARGETED_DEVICE_FAMILY = 1;
				USER_HEADER_SEARCH_PATHS = "";
				WRAPPER_EXTENSION = app;
			};
			name = Debug;
		};
		0A26A4031741746F004DD086 /* Release */ = {
			isa = XCBuildConfiguration;
			buildSettings = {
				ARCHS = armv7;
				CLANG_CXX_LIBRARY = "compiler-default";
				FRAMEWORK_SEARCH_PATHS = (
					"$(inherited)",
					"$(PROJECT_DIR)/Framework",
				);
				GCC_PRECOMPILE_PREFIX_HEADER = YES;
				GCC_PREFIX_HEADER = "Sources/Speak-Prefix.pch";
				INFOPLIST_FILE = "Resources/Speak-Info.plist";
				IPHONEOS_DEPLOYMENT_TARGET = 7.0;
				LIBRARY_SEARCH_PATHS = (
					"$(inherited)",
					"$(PROJECT_DIR)/Sources",
					"$(PROJECT_DIR)/tesseract-ios/tesseract-ios-lib/lib",
					"$(PROJECT_DIR)/tesseract-ios-lib/lib",
					"/Users/shalinvs/Dropbox/Technology/Developer/Apps/Speak/google-api-objectivec-client-read-only/Source/build/Debug-iphoneos",
				);
				OTHER_LDFLAGS = "";
				PRODUCT_NAME = Speak;
				TARGETED_DEVICE_FAMILY = 1;
				USER_HEADER_SEARCH_PATHS = "";
				WRAPPER_EXTENSION = app;
			};
			name = Release;
		};
/* End XCBuildConfiguration section */

/* Begin XCConfigurationList section */
		0A26A3D91741746F004DD086 /* Build configuration list for PBXProject "Speak" */ = {
			isa = XCConfigurationList;
			buildConfigurations = (
				0A26A3FF1741746F004DD086 /* Debug */,
				0A26A4001741746F004DD086 /* Release */,
			);
			defaultConfigurationIsVisible = 0;
			defaultConfigurationName = Release;
		};
		0A26A4011741746F004DD086 /* Build configuration list for PBXNativeTarget "Speak" */ = {
			isa = XCConfigurationList;
			buildConfigurations = (
				0A26A4021741746F004DD086 /* Debug */,
				0A26A4031741746F004DD086 /* Release */,
			);
			defaultConfigurationIsVisible = 0;
			defaultConfigurationName = Release;
		};
/* End XCConfigurationList section */
	};
	rootObject = 0A26A3D61741746F004DD086 /* Project object */;
}
